// !$*UTF8*$!
{
	archiveVersion = 1;
	classes = {
	};
	objectVersion = 46;
	objects = {

/* Begin PBXAggregateTarget section */
		D94F4B163736BD7206021EE2 /* WavetableCVAE - All */ = {
			isa = PBXAggregateTarget;
			buildConfigurationList = 14D089F8EFB16B1AB774B5A6;
			buildPhases = (
			);
			dependencies = (
				821453551AEE740E8BCF9354,
				EB4F9765AED77BC952F69BF7,
				A4033562289A43F7B3EBA785,
				FC7C6D73EC28332327BB7725,
			);
			name = "WavetableCVAE - All";
			productName = WavetableCVAE;
		};
/* End PBXAggregateTarget section */

/* Begin PBXBuildFile section */
		0105066DA43732D57EBBCF97 /* AU */ = {isa = PBXBuildFile; fileRef = 10567E219B5C2462177F1668; };
		0320AAEAD6CA83ED2F81FEE4 /* AudioUnit.framework */ = {isa = PBXBuildFile; fileRef = EC67067648894BAEBD73D17D; };
		07C772F68E70D85EAA875289 /* include_juce_core.mm */ = {isa = PBXBuildFile; fileRef = 02F3042763F76EE32F6F4F29; };
		0A17F97D2BFC8DFAC2ECE708 /* PluginProcessor.cpp */ = {isa = PBXBuildFile; fileRef = A70AF36787D34E6F219771FA; };
		0F8339C0698E8BBD3A9801FD /* Foundation.framework */ = {isa = PBXBuildFile; fileRef = 2BA54F31DDDB106DE43005DE; };
		1CC3B86E68318F570F96FABE /* include_juce_data_structures.mm */ = {isa = PBXBuildFile; fileRef = 42ED7E63D526C5288F0CE08B; };
		201622581D2722076CC16C11 /* CoreAudio.framework */ = {isa = PBXBuildFile; fileRef = CFC43F7AB7695D1870524A02; };
		2043B21C18888F80FE14D7A5 /* WebKit.framework */ = {isa = PBXBuildFile; fileRef = 303214CC3CE2B65FCFE04983; };
		2A8BCB0064846FCB21D40DBF /* include_juce_audio_processors.mm */ = {isa = PBXBuildFile; fileRef = C2F4E1E5925DF74FD018C216; };
		2B15377D2181B9D560848B44 /* include_juce_audio_processors_ara.cpp */ = {isa = PBXBuildFile; fileRef = 92C47E8F555B102EE3829FFB; };
		33020477CB7C0B152C6E0D24 /* PluginEditor.cpp */ = {isa = PBXBuildFile; fileRef = 6823F7879AE6918F39C1BB90; };
		352348E7B1FE40A607B0ED68 /* CoreMIDI.framework */ = {isa = PBXBuildFile; fileRef = 7F9E469FF1494C324FC39AA0; };
		36260CB42DF16503017EE145 /* include_juce_audio_processors_lv2_libs.cpp */ = {isa = PBXBuildFile; fileRef = 136B57EAF0A414DE30FF72DD; };
		3DECB3E9A93458F3B1CF0CD1 /* DiscRecording.framework */ = {isa = PBXBuildFile; fileRef = F47137AA56EDA161F20247B1; };
		3FF13C591346952A85C2A5F8 /* CoreAudioKit.framework */ = {isa = PBXBuildFile; fileRef = 378277E8338F64F939831C2F; };
		449BEBBBAE41117BC49C2863 /* model */ = {isa = PBXBuildFile; fileRef = 96B2D590A2C506519A303F0B; };
		50C4902A407045313A343377 /* include_juce_gui_extra.mm */ = {isa = PBXBuildFile; fileRef = B6EEA2CA12850794F05F80B5; };
		520B7C2DE63438F9470ACB8E /* WavetableOscillator.cpp */ = {isa = PBXBuildFile; fileRef = D8DE0D620048E48CB2E5B202; };
		55871CE639AF9FF72E271C10 /* include_juce_audio_plugin_client_AU_2.mm */ = {isa = PBXBuildFile; fileRef = AF0A33EABD82621C0E5FB3F3; };
		55AFC1FFAA18292E0FDA803A /* Shared Code */ = {isa = PBXBuildFile; fileRef = 86E62923C4128FE9FFF69EB0; };
		59521E67D044F1FE0029FC61 /* Cocoa.framework */ = {isa = PBXBuildFile; fileRef = 599E1364F985D9009C34ADFE; };
		5A0504CAA84E7BEA8723702E /* OnnxModel.cpp */ = {isa = PBXBuildFile; fileRef = 275F5D9809E4F6663B220496; };
		5AF70D80AAF15755DB0CAF03 /* include_juce_audio_basics.mm */ = {isa = PBXBuildFile; fileRef = 6BDCF4F8135FEDB1C3554259; };
		5BCD6132C23E8DBB1CCC665E /* WavetableSynth.cpp */ = {isa = PBXBuildFile; fileRef = D7BFEB4A87AF0D2DED12A4EC; };
		5C4632994BDDDD580B6C9070 /* include_juce_audio_plugin_client_AU_1.mm */ = {isa = PBXBuildFile; fileRef = CFE72D9C5ED2DBB481685C68; };
		5D1DA968E10B50CCBC5759A1 /* include_juce_audio_plugin_client_Standalone.cpp */ = {isa = PBXBuildFile; fileRef = 0E2694E3A8512FBF37A3BDBD; };
		644E73902E6A5B617C41D1E8 /* include_juce_audio_plugin_client_utils.cpp */ = {isa = PBXBuildFile; fileRef = 03123AF11D5579EFE6DC8C82; };
		65127839A2FB52B59D5DDA38 /* include_juce_audio_formats.mm */ = {isa = PBXBuildFile; fileRef = 7949629772B88CE1B0FE0567; };
		7C416161754FB2CEF33FB4DD /* include_juce_gui_basics.mm */ = {isa = PBXBuildFile; fileRef = FA2FF587396674F89ABC4323; };
		992637C4272A3F69B1A32A64 /* RecentFilesMenuTemplate.nib */ = {isa = PBXBuildFile; fileRef = F29565A7A9E8E5B5150479B4; };
		9CA1631189DE04A62DABD1F8 /* Standalone Plugin */ = {isa = PBXBuildFile; fileRef = 61B4BF4EDACEC8910F1FF8E9; };
		A8C0D686C4B9EC2E9415C373 /* lib */ = {isa = PBXBuildFile; fileRef = 3280507A1F46C5C186C2ED41; };
		AED7E18A80DBD85CA9CB9F86 /* include_juce_audio_plugin_client_ARA.cpp */ = {isa = PBXBuildFile; fileRef = B57DE0855B2949437474BC68; };
		B9EE1F43AE3C08C3D9C09D10 /* IOKit.framework */ = {isa = PBXBuildFile; fileRef = 149BA8F5BBCEF46905912337; };
		C1CFC5627F8FF3B6D93DF493 /* include_juce_graphics.mm */ = {isa = PBXBuildFile; fileRef = 618021D9DE61A68B9ED0CC91; };
		C40D3A86C01CBDF9A7808F5F /* AudioToolbox.framework */ = {isa = PBXBuildFile; fileRef = 83B32207EE1125909C9F4107; };
		CCE0FA63D9972547C3010CEA /* include_juce_events.mm */ = {isa = PBXBuildFile; fileRef = 34F11DBF1E16362986B6DD48; };
		D544AF3459698D1837347C92 /* include_juce_audio_devices.mm */ = {isa = PBXBuildFile; fileRef = BEEA574B76C574F49211A37D; };
		DBC0A4211F2276F09A81C1CD /* Accelerate.framework */ = {isa = PBXBuildFile; fileRef = B3DAFE2655D868BD02365D51; };
		E4AEE14A26F2F2921F9DE58A /* QuartzCore.framework */ = {isa = PBXBuildFile; fileRef = 7A3B498E7FDA806F56105C74; };
		E8B5E551F76B4F50EED0EED8 /* include_juce_audio_plugin_client_VST_utils.mm */ = {isa = PBXBuildFile; fileRef = E38A5712E84DD03F1F327387; };
		E8DAE7CE998DC0C10C58DC3C /* ExtractFeatures.cpp */ = {isa = PBXBuildFile; fileRef = BF0BAED30EE0CBFA2D3990DA; };
		F29DEEF89AA6983A1A3C54FC /* BinaryData.cpp */ = {isa = PBXBuildFile; fileRef = 361CE221084F1C91B1A66D35; };
		F29E58B68826DDB0657A2AD2 /* VST3 */ = {isa = PBXBuildFile; fileRef = 780333FF95A6C9C67091E9D8; };
		F5965BF4995BCE950CB461A3 /* include_juce_audio_plugin_client_VST3.cpp */ = {isa = PBXBuildFile; fileRef = D237CA878A9E425C8B70FADA; };
		FE6BE3AC9CD87BF1C3554029 /* include_juce_audio_utils.mm */ = {isa = PBXBuildFile; fileRef = 94AA0EE1E6F001A8D4FAF37A; };
/* End PBXBuildFile section */

/* Begin PBXFileReference section */
		02F3042763F76EE32F6F4F29 /* include_juce_core.mm */ /* include_juce_core.mm */ = {isa = PBXFileReference; lastKnownFileType = sourcecode.cpp.objcpp; name = include_juce_core.mm; path = ../../JuceLibraryCode/include_juce_core.mm; sourceTree = SOURCE_ROOT; };
		03123AF11D5579EFE6DC8C82 /* include_juce_audio_plugin_client_utils.cpp */ /* include_juce_audio_plugin_client_utils.cpp */ = {isa = PBXFileReference; lastKnownFileType = sourcecode.cpp.cpp; name = include_juce_audio_plugin_client_utils.cpp; path = ../../JuceLibraryCode/include_juce_audio_plugin_client_utils.cpp; sourceTree = SOURCE_ROOT; };
		0AA10A94D3F49920351EB2B2 /* background.png */ /* background.png */ = {isa = PBXFileReference; lastKnownFileType = image.png; name = background.png; path = ../../Source/background.png; sourceTree = SOURCE_ROOT; };
		0E2694E3A8512FBF37A3BDBD /* include_juce_audio_plugin_client_Standalone.cpp */ /* include_juce_audio_plugin_client_Standalone.cpp */ = {isa = PBXFileReference; lastKnownFileType = sourcecode.cpp.cpp; name = include_juce_audio_plugin_client_Standalone.cpp; path = ../../JuceLibraryCode/include_juce_audio_plugin_client_Standalone.cpp; sourceTree = SOURCE_ROOT; };
		10567E219B5C2462177F1668 /* AU */ = {isa = PBXFileReference; explicitFileType = wrapper.cfbundle; includeInIndex = 0; path = WavetableSynth.component; sourceTree = BUILT_PRODUCTS_DIR; };
		107480B262C57A845809C855 /* Info-VST3.plist */ /* Info-VST3.plist */ = {isa = PBXFileReference; lastKnownFileType = text.plist.xml; name = "Info-VST3.plist"; path = "Info-VST3.plist"; sourceTree = SOURCE_ROOT; };
		136B57EAF0A414DE30FF72DD /* include_juce_audio_processors_lv2_libs.cpp */ /* include_juce_audio_processors_lv2_libs.cpp */ = {isa = PBXFileReference; lastKnownFileType = sourcecode.cpp.cpp; name = include_juce_audio_processors_lv2_libs.cpp; path = ../../JuceLibraryCode/include_juce_audio_processors_lv2_libs.cpp; sourceTree = SOURCE_ROOT; };
		149BA8F5BBCEF46905912337 /* IOKit.framework */ /* IOKit.framework */ = {isa = PBXFileReference; lastKnownFileType = wrapper.framework; name = IOKit.framework; path = System/Library/Frameworks/IOKit.framework; sourceTree = SDKROOT; };
		152DAE605420E7AC85D52AC4 /* Info-Standalone_Plugin.plist */ /* Info-Standalone_Plugin.plist */ = {isa = PBXFileReference; lastKnownFileType = text.plist.xml; name = "Info-Standalone_Plugin.plist"; path = "Info-Standalone_Plugin.plist"; sourceTree = SOURCE_ROOT; };
		275F5D9809E4F6663B220496 /* OnnxModel.cpp */ /* OnnxModel.cpp */ = {isa = PBXFileReference; lastKnownFileType = sourcecode.cpp.cpp; name = OnnxModel.cpp; path = ../../Source/OnnxModel.cpp; sourceTree = SOURCE_ROOT; };
		2BA54F31DDDB106DE43005DE /* Foundation.framework */ /* Foundation.framework */ = {isa = PBXFileReference; lastKnownFileType = wrapper.framework; name = Foundation.framework; path = System/Library/Frameworks/Foundation.framework; sourceTree = SDKROOT; };
		303214CC3CE2B65FCFE04983 /* WebKit.framework */ /* WebKit.framework */ = {isa = PBXFileReference; lastKnownFileType = wrapper.framework; name = WebKit.framework; path = System/Library/Frameworks/WebKit.framework; sourceTree = SDKROOT; };
		3280507A1F46C5C186C2ED41 /* lib */ /* lib */ = {isa = PBXFileReference; lastKnownFileType = folder; name = lib; path = "../../onnxruntime/onnxruntime-osx-universal2-1.14.1/lib"; sourceTree = "<group>"; };
		34F11DBF1E16362986B6DD48 /* include_juce_events.mm */ /* include_juce_events.mm */ = {isa = PBXFileReference; lastKnownFileType = sourcecode.cpp.objcpp; name = include_juce_events.mm; path = ../../JuceLibraryCode/include_juce_events.mm; sourceTree = SOURCE_ROOT; };
		361CE221084F1C91B1A66D35 /* BinaryData.cpp */ /* BinaryData.cpp */ = {isa = PBXFileReference; lastKnownFileType = sourcecode.cpp.cpp; name = BinaryData.cpp; path = ../../JuceLibraryCode/BinaryData.cpp; sourceTree = SOURCE_ROOT; };
		378277E8338F64F939831C2F /* CoreAudioKit.framework */ /* CoreAudioKit.framework */ = {isa = PBXFileReference; lastKnownFileType = wrapper.framework; name = CoreAudioKit.framework; path = System/Library/Frameworks/CoreAudioKit.framework; sourceTree = SDKROOT; };
		3967A0747807CA9C7DD75507 /* PluginProcessor.h */ /* PluginProcessor.h */ = {isa = PBXFileReference; lastKnownFileType = sourcecode.c.h; name = PluginProcessor.h; path = ../../Source/PluginProcessor.h; sourceTree = SOURCE_ROOT; };
		42ED7E63D526C5288F0CE08B /* include_juce_data_structures.mm */ /* include_juce_data_structures.mm */ = {isa = PBXFileReference; lastKnownFileType = sourcecode.cpp.objcpp; name = include_juce_data_structures.mm; path = ../../JuceLibraryCode/include_juce_data_structures.mm; sourceTree = SOURCE_ROOT; };
		57796631C38B63F0E47796FC /* OnnxModel.h */ /* OnnxModel.h */ = {isa = PBXFileReference; lastKnownFileType = sourcecode.c.h; name = OnnxModel.h; path = ../../Source/OnnxModel.h; sourceTree = SOURCE_ROOT; };
		58559EBE81299CB042A8A57C /* juce_data_structures */ /* juce_data_structures */ = {isa = PBXFileReference; lastKnownFileType = folder; name = juce_data_structures; path = /Users/tsugumasayutani/JUCE/modules/juce_data_structures; sourceTree = "<absolute>"; };
		58C17AC1B185AC6245162AA0 /* juce_audio_basics */ /* juce_audio_basics */ = {isa = PBXFileReference; lastKnownFileType = folder; name = juce_audio_basics; path = /Users/tsugumasayutani/JUCE/modules/juce_audio_basics; sourceTree = "<absolute>"; };
		599E1364F985D9009C34ADFE /* Cocoa.framework */ /* Cocoa.framework */ = {isa = PBXFileReference; lastKnownFileType = wrapper.framework; name = Cocoa.framework; path = System/Library/Frameworks/Cocoa.framework; sourceTree = SDKROOT; };
		618021D9DE61A68B9ED0CC91 /* include_juce_graphics.mm */ /* include_juce_graphics.mm */ = {isa = PBXFileReference; lastKnownFileType = sourcecode.cpp.objcpp; name = include_juce_graphics.mm; path = ../../JuceLibraryCode/include_juce_graphics.mm; sourceTree = SOURCE_ROOT; };
		61B4BF4EDACEC8910F1FF8E9 /* Standalone Plugin */ = {isa = PBXFileReference; explicitFileType = wrapper.application; includeInIndex = 0; path = WavetableSynth.app; sourceTree = BUILT_PRODUCTS_DIR; };
		6748468A96B0F3EE1274984A /* juce_audio_processors */ /* juce_audio_processors */ = {isa = PBXFileReference; lastKnownFileType = folder; name = juce_audio_processors; path = /Users/tsugumasayutani/JUCE/modules/juce_audio_processors; sourceTree = "<absolute>"; };
		6823F7879AE6918F39C1BB90 /* PluginEditor.cpp */ /* PluginEditor.cpp */ = {isa = PBXFileReference; lastKnownFileType = sourcecode.cpp.cpp; name = PluginEditor.cpp; path = ../../Source/PluginEditor.cpp; sourceTree = SOURCE_ROOT; };
		6A4476DAB4DA5579490F23B7 /* WavetableSynth.h */ /* WavetableSynth.h */ = {isa = PBXFileReference; lastKnownFileType = sourcecode.c.h; name = WavetableSynth.h; path = ../../Source/WavetableSynth.h; sourceTree = SOURCE_ROOT; };
		6BDCF4F8135FEDB1C3554259 /* include_juce_audio_basics.mm */ /* include_juce_audio_basics.mm */ = {isa = PBXFileReference; lastKnownFileType = sourcecode.cpp.objcpp; name = include_juce_audio_basics.mm; path = ../../JuceLibraryCode/include_juce_audio_basics.mm; sourceTree = SOURCE_ROOT; };
		6F328C3FAFB25716E17D2E6D /* juce_gui_extra */ /* juce_gui_extra */ = {isa = PBXFileReference; lastKnownFileType = folder; name = juce_gui_extra; path = /Users/tsugumasayutani/JUCE/modules/juce_gui_extra; sourceTree = "<absolute>"; };
		77DC2C849CFEA8B63988396C /* JuceHeader.h */ /* JuceHeader.h */ = {isa = PBXFileReference; lastKnownFileType = sourcecode.c.h; name = JuceHeader.h; path = ../../JuceLibraryCode/JuceHeader.h; sourceTree = SOURCE_ROOT; };
		780333FF95A6C9C67091E9D8 /* VST3 */ = {isa = PBXFileReference; explicitFileType = wrapper.cfbundle; includeInIndex = 0; path = WavetableSynth.vst3; sourceTree = BUILT_PRODUCTS_DIR; };
		7949629772B88CE1B0FE0567 /* include_juce_audio_formats.mm */ /* include_juce_audio_formats.mm */ = {isa = PBXFileReference; lastKnownFileType = sourcecode.cpp.objcpp; name = include_juce_audio_formats.mm; path = ../../JuceLibraryCode/include_juce_audio_formats.mm; sourceTree = SOURCE_ROOT; };
		7A3B498E7FDA806F56105C74 /* QuartzCore.framework */ /* QuartzCore.framework */ = {isa = PBXFileReference; lastKnownFileType = wrapper.framework; name = QuartzCore.framework; path = System/Library/Frameworks/QuartzCore.framework; sourceTree = SDKROOT; };
		7CC315C611AD01E7484F32E5 /* ExtractFeatures.h */ /* ExtractFeatures.h */ = {isa = PBXFileReference; lastKnownFileType = sourcecode.c.h; name = ExtractFeatures.h; path = ../../Source/ExtractFeatures.h; sourceTree = SOURCE_ROOT; };
		7F9E469FF1494C324FC39AA0 /* CoreMIDI.framework */ /* CoreMIDI.framework */ = {isa = PBXFileReference; lastKnownFileType = wrapper.framework; name = CoreMIDI.framework; path = System/Library/Frameworks/CoreMIDI.framework; sourceTree = SDKROOT; };
		83B32207EE1125909C9F4107 /* AudioToolbox.framework */ /* AudioToolbox.framework */ = {isa = PBXFileReference; lastKnownFileType = wrapper.framework; name = AudioToolbox.framework; path = System/Library/Frameworks/AudioToolbox.framework; sourceTree = SDKROOT; };
		840CE5B1D19B897E682E281E /* juce_audio_utils */ /* juce_audio_utils */ = {isa = PBXFileReference; lastKnownFileType = folder; name = juce_audio_utils; path = /Users/tsugumasayutani/JUCE/modules/juce_audio_utils; sourceTree = "<absolute>"; };
		86E62923C4128FE9FFF69EB0 /* Shared Code */ = {isa = PBXFileReference; explicitFileType = archive.ar; includeInIndex = 0; path = libWavetableSynth.a; sourceTree = BUILT_PRODUCTS_DIR; };
		9148DF40EECE71359D9D3F45 /* juce_audio_formats */ /* juce_audio_formats */ = {isa = PBXFileReference; lastKnownFileType = folder; name = juce_audio_formats; path = /Users/tsugumasayutani/JUCE/modules/juce_audio_formats; sourceTree = "<absolute>"; };
		92B02B3F6D104D908CA52E00 /* WavetableOscillator.h */ /* WavetableOscillator.h */ = {isa = PBXFileReference; lastKnownFileType = sourcecode.c.h; name = WavetableOscillator.h; path = ../../Source/WavetableOscillator.h; sourceTree = SOURCE_ROOT; };
		92C47E8F555B102EE3829FFB /* include_juce_audio_processors_ara.cpp */ /* include_juce_audio_processors_ara.cpp */ = {isa = PBXFileReference; lastKnownFileType = sourcecode.cpp.cpp; name = include_juce_audio_processors_ara.cpp; path = ../../JuceLibraryCode/include_juce_audio_processors_ara.cpp; sourceTree = SOURCE_ROOT; };
		94AA0EE1E6F001A8D4FAF37A /* include_juce_audio_utils.mm */ /* include_juce_audio_utils.mm */ = {isa = PBXFileReference; lastKnownFileType = sourcecode.cpp.objcpp; name = include_juce_audio_utils.mm; path = ../../JuceLibraryCode/include_juce_audio_utils.mm; sourceTree = SOURCE_ROOT; };
		96B2D590A2C506519A303F0B /* model */ /* model */ = {isa = PBXFileReference; lastKnownFileType = folder; name = model; path = ../../model; sourceTree = "<group>"; };
		9E0731A106A3C21B9A6414FB /* juce_audio_devices */ /* juce_audio_devices */ = {isa = PBXFileReference; lastKnownFileType = folder; name = juce_audio_devices; path = /Users/tsugumasayutani/JUCE/modules/juce_audio_devices; sourceTree = "<absolute>"; };
		A70AF36787D34E6F219771FA /* PluginProcessor.cpp */ /* PluginProcessor.cpp */ = {isa = PBXFileReference; lastKnownFileType = sourcecode.cpp.cpp; name = PluginProcessor.cpp; path = ../../Source/PluginProcessor.cpp; sourceTree = SOURCE_ROOT; };
		AC1A1334CFA497F4FFD11D33 /* juce_graphics */ /* juce_graphics */ = {isa = PBXFileReference; lastKnownFileType = folder; name = juce_graphics; path = /Users/tsugumasayutani/JUCE/modules/juce_graphics; sourceTree = "<absolute>"; };
		AF0A33EABD82621C0E5FB3F3 /* include_juce_audio_plugin_client_AU_2.mm */ /* include_juce_audio_plugin_client_AU_2.mm */ = {isa = PBXFileReference; lastKnownFileType = sourcecode.cpp.objcpp; name = include_juce_audio_plugin_client_AU_2.mm; path = ../../JuceLibraryCode/include_juce_audio_plugin_client_AU_2.mm; sourceTree = SOURCE_ROOT; };
		AF3385C1C0DB1678D5F4BA58 /* juce_gui_basics */ /* juce_gui_basics */ = {isa = PBXFileReference; lastKnownFileType = folder; name = juce_gui_basics; path = /Users/tsugumasayutani/JUCE/modules/juce_gui_basics; sourceTree = "<absolute>"; };
		B2C1278C2BDC6ABA5C56546B /* juce_core */ /* juce_core */ = {isa = PBXFileReference; lastKnownFileType = folder; name = juce_core; path = /Users/tsugumasayutani/JUCE/modules/juce_core; sourceTree = "<absolute>"; };
		B3DAFE2655D868BD02365D51 /* Accelerate.framework */ /* Accelerate.framework */ = {isa = PBXFileReference; lastKnownFileType = wrapper.framework; name = Accelerate.framework; path = System/Library/Frameworks/Accelerate.framework; sourceTree = SDKROOT; };
		B57DE0855B2949437474BC68 /* include_juce_audio_plugin_client_ARA.cpp */ /* include_juce_audio_plugin_client_ARA.cpp */ = {isa = PBXFileReference; lastKnownFileType = sourcecode.cpp.cpp; name = include_juce_audio_plugin_client_ARA.cpp; path = ../../JuceLibraryCode/include_juce_audio_plugin_client_ARA.cpp; sourceTree = SOURCE_ROOT; };
		B6EEA2CA12850794F05F80B5 /* include_juce_gui_extra.mm */ /* include_juce_gui_extra.mm */ = {isa = PBXFileReference; lastKnownFileType = sourcecode.cpp.objcpp; name = include_juce_gui_extra.mm; path = ../../JuceLibraryCode/include_juce_gui_extra.mm; sourceTree = SOURCE_ROOT; };
		BEEA574B76C574F49211A37D /* include_juce_audio_devices.mm */ /* include_juce_audio_devices.mm */ = {isa = PBXFileReference; lastKnownFileType = sourcecode.cpp.objcpp; name = include_juce_audio_devices.mm; path = ../../JuceLibraryCode/include_juce_audio_devices.mm; sourceTree = SOURCE_ROOT; };
		BF0BAED30EE0CBFA2D3990DA /* ExtractFeatures.cpp */ /* ExtractFeatures.cpp */ = {isa = PBXFileReference; lastKnownFileType = sourcecode.cpp.cpp; name = ExtractFeatures.cpp; path = ../../Source/ExtractFeatures.cpp; sourceTree = SOURCE_ROOT; };
		BFE66B3C1DBA784E7AAC8CA1 /* BinaryData.h */ /* BinaryData.h */ = {isa = PBXFileReference; lastKnownFileType = sourcecode.c.h; name = BinaryData.h; path = ../../JuceLibraryCode/BinaryData.h; sourceTree = SOURCE_ROOT; };
		C2F4E1E5925DF74FD018C216 /* include_juce_audio_processors.mm */ /* include_juce_audio_processors.mm */ = {isa = PBXFileReference; lastKnownFileType = sourcecode.cpp.objcpp; name = include_juce_audio_processors.mm; path = ../../JuceLibraryCode/include_juce_audio_processors.mm; sourceTree = SOURCE_ROOT; };
		CFC43F7AB7695D1870524A02 /* CoreAudio.framework */ /* CoreAudio.framework */ = {isa = PBXFileReference; lastKnownFileType = wrapper.framework; name = CoreAudio.framework; path = System/Library/Frameworks/CoreAudio.framework; sourceTree = SDKROOT; };
		CFE72D9C5ED2DBB481685C68 /* include_juce_audio_plugin_client_AU_1.mm */ /* include_juce_audio_plugin_client_AU_1.mm */ = {isa = PBXFileReference; lastKnownFileType = sourcecode.cpp.objcpp; name = include_juce_audio_plugin_client_AU_1.mm; path = ../../JuceLibraryCode/include_juce_audio_plugin_client_AU_1.mm; sourceTree = SOURCE_ROOT; };
		D237CA878A9E425C8B70FADA /* include_juce_audio_plugin_client_VST3.cpp */ /* include_juce_audio_plugin_client_VST3.cpp */ = {isa = PBXFileReference; lastKnownFileType = sourcecode.cpp.cpp; name = include_juce_audio_plugin_client_VST3.cpp; path = ../../JuceLibraryCode/include_juce_audio_plugin_client_VST3.cpp; sourceTree = SOURCE_ROOT; };
		D5FA1EAC0A4D650255BD5F3C /* JucePluginDefines.h */ /* JucePluginDefines.h */ = {isa = PBXFileReference; lastKnownFileType = sourcecode.c.h; name = JucePluginDefines.h; path = ../../JuceLibraryCode/JucePluginDefines.h; sourceTree = SOURCE_ROOT; };
		D7BFEB4A87AF0D2DED12A4EC /* WavetableSynth.cpp */ /* WavetableSynth.cpp */ = {isa = PBXFileReference; lastKnownFileType = sourcecode.cpp.cpp; name = WavetableSynth.cpp; path = ../../Source/WavetableSynth.cpp; sourceTree = SOURCE_ROOT; };
		D8DE0D620048E48CB2E5B202 /* WavetableOscillator.cpp */ /* WavetableOscillator.cpp */ = {isa = PBXFileReference; lastKnownFileType = sourcecode.cpp.cpp; name = WavetableOscillator.cpp; path = ../../Source/WavetableOscillator.cpp; sourceTree = SOURCE_ROOT; };
		D9A99751DB24AFB5871070D2 /* Info-AU.plist */ /* Info-AU.plist */ = {isa = PBXFileReference; lastKnownFileType = text.plist.xml; name = "Info-AU.plist"; path = "Info-AU.plist"; sourceTree = SOURCE_ROOT; };
		E1DCD0B66ECC8CD21D9117F9 /* PluginEditor.h */ /* PluginEditor.h */ = {isa = PBXFileReference; lastKnownFileType = sourcecode.c.h; name = PluginEditor.h; path = ../../Source/PluginEditor.h; sourceTree = SOURCE_ROOT; };
		E38A5712E84DD03F1F327387 /* include_juce_audio_plugin_client_VST_utils.mm */ /* include_juce_audio_plugin_client_VST_utils.mm */ = {isa = PBXFileReference; lastKnownFileType = sourcecode.cpp.objcpp; name = include_juce_audio_plugin_client_VST_utils.mm; path = ../../JuceLibraryCode/include_juce_audio_plugin_client_VST_utils.mm; sourceTree = SOURCE_ROOT; };
		EB561C492112D0A3389ADF61 /* juce_events */ /* juce_events */ = {isa = PBXFileReference; lastKnownFileType = folder; name = juce_events; path = /Users/tsugumasayutani/JUCE/modules/juce_events; sourceTree = "<absolute>"; };
		EC67067648894BAEBD73D17D /* AudioUnit.framework */ /* AudioUnit.framework */ = {isa = PBXFileReference; lastKnownFileType = wrapper.framework; name = AudioUnit.framework; path = System/Library/Frameworks/AudioUnit.framework; sourceTree = SDKROOT; };
		F29565A7A9E8E5B5150479B4 /* RecentFilesMenuTemplate.nib */ /* RecentFilesMenuTemplate.nib */ = {isa = PBXFileReference; lastKnownFileType = file.nib; name = RecentFilesMenuTemplate.nib; path = RecentFilesMenuTemplate.nib; sourceTree = SOURCE_ROOT; };
		F47137AA56EDA161F20247B1 /* DiscRecording.framework */ /* DiscRecording.framework */ = {isa = PBXFileReference; lastKnownFileType = wrapper.framework; name = DiscRecording.framework; path = System/Library/Frameworks/DiscRecording.framework; sourceTree = SDKROOT; };
		F93DCC67F9F7734824186534 /* juce_audio_plugin_client */ /* juce_audio_plugin_client */ = {isa = PBXFileReference; lastKnownFileType = folder; name = juce_audio_plugin_client; path = /Users/tsugumasayutani/JUCE/modules/juce_audio_plugin_client; sourceTree = "<absolute>"; };
		FA2FF587396674F89ABC4323 /* include_juce_gui_basics.mm */ /* include_juce_gui_basics.mm */ = {isa = PBXFileReference; lastKnownFileType = sourcecode.cpp.objcpp; name = include_juce_gui_basics.mm; path = ../../JuceLibraryCode/include_juce_gui_basics.mm; sourceTree = SOURCE_ROOT; };
/* End PBXFileReference section */

/* Begin PBXFrameworksBuildPhase section */
		3593B99BBF9CB9BAE436BA31 = {
			isa = PBXFrameworksBuildPhase;
			buildActionMask = 2147483647;
			files = (
				DBC0A4211F2276F09A81C1CD,
				C40D3A86C01CBDF9A7808F5F,
				59521E67D044F1FE0029FC61,
				201622581D2722076CC16C11,
				3FF13C591346952A85C2A5F8,
				352348E7B1FE40A607B0ED68,
				3DECB3E9A93458F3B1CF0CD1,
				0F8339C0698E8BBD3A9801FD,
				B9EE1F43AE3C08C3D9C09D10,
				E4AEE14A26F2F2921F9DE58A,
				2043B21C18888F80FE14D7A5,
			);
			runOnlyForDeploymentPostprocessing = 0;
		};
		39A006DA2217F1D66EB9806E = {
			isa = PBXFrameworksBuildPhase;
			buildActionMask = 2147483647;
			files = (
				DBC0A4211F2276F09A81C1CD,
				C40D3A86C01CBDF9A7808F5F,
				59521E67D044F1FE0029FC61,
				201622581D2722076CC16C11,
				3FF13C591346952A85C2A5F8,
				352348E7B1FE40A607B0ED68,
				3DECB3E9A93458F3B1CF0CD1,
				0F8339C0698E8BBD3A9801FD,
				B9EE1F43AE3C08C3D9C09D10,
				E4AEE14A26F2F2921F9DE58A,
				2043B21C18888F80FE14D7A5,
			);
			runOnlyForDeploymentPostprocessing = 0;
		};
		73797985A5736CD82D025E3F = {
			isa = PBXFrameworksBuildPhase;
			buildActionMask = 2147483647;
			files = (
				0320AAEAD6CA83ED2F81FEE4,
				DBC0A4211F2276F09A81C1CD,
				C40D3A86C01CBDF9A7808F5F,
				59521E67D044F1FE0029FC61,
				201622581D2722076CC16C11,
				3FF13C591346952A85C2A5F8,
				352348E7B1FE40A607B0ED68,
				3DECB3E9A93458F3B1CF0CD1,
				0F8339C0698E8BBD3A9801FD,
				B9EE1F43AE3C08C3D9C09D10,
				E4AEE14A26F2F2921F9DE58A,
				2043B21C18888F80FE14D7A5,
			);
			runOnlyForDeploymentPostprocessing = 0;
		};
/* End PBXFrameworksBuildPhase section */

/* Begin PBXGroup section */
		72D844B665092341F8CE45CA /* Resources */ = {
			isa = PBXGroup;
			children = (
				96B2D590A2C506519A303F0B,
				3280507A1F46C5C186C2ED41,
				107480B262C57A845809C855,
				D9A99751DB24AFB5871070D2,
				152DAE605420E7AC85D52AC4,
				F29565A7A9E8E5B5150479B4,
			);
			name = Resources;
			sourceTree = "<group>";
		};
		7DF97F3674327D5CA3DABC10 /* Source */ = {
			isa = PBXGroup;
			children = (
				EAE4358880687A9F2AFE66EC,
				FD77F7093561DB63C5811E23,
				A868AC3AAD249EF8C951111F,
				72D844B665092341F8CE45CA,
				DC466323D41C6650C0EF7815,
				9DCD9487401BBE3F68391B84,
			);
			name = Source;
			sourceTree = "<group>";
		};
		9DCD9487401BBE3F68391B84 /* Products */ = {
			isa = PBXGroup;
			children = (
				780333FF95A6C9C67091E9D8,
				10567E219B5C2462177F1668,
				61B4BF4EDACEC8910F1FF8E9,
				86E62923C4128FE9FFF69EB0,
			);
			name = Products;
			sourceTree = "<group>";
		};
		A868AC3AAD249EF8C951111F /* JUCE Library Code */ = {
			isa = PBXGroup;
			children = (
				361CE221084F1C91B1A66D35,
				BFE66B3C1DBA784E7AAC8CA1,
				6BDCF4F8135FEDB1C3554259,
				BEEA574B76C574F49211A37D,
				7949629772B88CE1B0FE0567,
				B57DE0855B2949437474BC68,
				CFE72D9C5ED2DBB481685C68,
				AF0A33EABD82621C0E5FB3F3,
				0E2694E3A8512FBF37A3BDBD,
				03123AF11D5579EFE6DC8C82,
				E38A5712E84DD03F1F327387,
				D237CA878A9E425C8B70FADA,
				C2F4E1E5925DF74FD018C216,
				92C47E8F555B102EE3829FFB,
				136B57EAF0A414DE30FF72DD,
				94AA0EE1E6F001A8D4FAF37A,
				02F3042763F76EE32F6F4F29,
				42ED7E63D526C5288F0CE08B,
				34F11DBF1E16362986B6DD48,
				618021D9DE61A68B9ED0CC91,
				FA2FF587396674F89ABC4323,
				B6EEA2CA12850794F05F80B5,
				77DC2C849CFEA8B63988396C,
				D5FA1EAC0A4D650255BD5F3C,
			);
			name = "JUCE Library Code";
			sourceTree = "<group>";
		};
		DC466323D41C6650C0EF7815 /* Frameworks */ = {
			isa = PBXGroup;
			children = (
				EC67067648894BAEBD73D17D,
				B3DAFE2655D868BD02365D51,
				83B32207EE1125909C9F4107,
				599E1364F985D9009C34ADFE,
				CFC43F7AB7695D1870524A02,
				378277E8338F64F939831C2F,
				7F9E469FF1494C324FC39AA0,
				F47137AA56EDA161F20247B1,
				2BA54F31DDDB106DE43005DE,
				149BA8F5BBCEF46905912337,
				7A3B498E7FDA806F56105C74,
				303214CC3CE2B65FCFE04983,
			);
			name = Frameworks;
			sourceTree = "<group>";
		};
		EAE4358880687A9F2AFE66EC /* WavetableCVAE */ = {
			isa = PBXGroup;
			children = (
				7CC315C611AD01E7484F32E5,
				BF0BAED30EE0CBFA2D3990DA,
				6823F7879AE6918F39C1BB90,
				E1DCD0B66ECC8CD21D9117F9,
				A70AF36787D34E6F219771FA,
				3967A0747807CA9C7DD75507,
				D8DE0D620048E48CB2E5B202,
				92B02B3F6D104D908CA52E00,
				D7BFEB4A87AF0D2DED12A4EC,
				6A4476DAB4DA5579490F23B7,
				275F5D9809E4F6663B220496,
				57796631C38B63F0E47796FC,
				0AA10A94D3F49920351EB2B2,
			);
			name = WavetableCVAE;
			sourceTree = "<group>";
		};
		FD77F7093561DB63C5811E23 /* JUCE Modules */ = {
			isa = PBXGroup;
			children = (
				58C17AC1B185AC6245162AA0,
				9E0731A106A3C21B9A6414FB,
				9148DF40EECE71359D9D3F45,
				F93DCC67F9F7734824186534,
				6748468A96B0F3EE1274984A,
				840CE5B1D19B897E682E281E,
				B2C1278C2BDC6ABA5C56546B,
				58559EBE81299CB042A8A57C,
				EB561C492112D0A3389ADF61,
				AC1A1334CFA497F4FFD11D33,
				AF3385C1C0DB1678D5F4BA58,
				6F328C3FAFB25716E17D2E6D,
			);
			name = "JUCE Modules";
			sourceTree = "<group>";
		};
/* End PBXGroup section */

/* Begin PBXNativeTarget section */
		3216C0EDA4890A9DB0C52550 /* WavetableCVAE - Shared Code */ = {
			isa = PBXNativeTarget;
			buildConfigurationList = B8FF304D43A5DF3A9D73A42C;
			buildPhases = (
				948AC0BC828255D31D88B90C,
			);
			buildRules = (
			);
			dependencies = (
			);
			name = "WavetableCVAE - Shared Code";
			productName = WavetableCVAE;
			productReference = 86E62923C4128FE9FFF69EB0;
			productType = "com.apple.product-type.library.static";
		};
		DA259CAA37502FE8EF1BCA10 /* WavetableCVAE - VST3 */ = {
			isa = PBXNativeTarget;
			buildConfigurationList = 2E4F3C75FB05A321DBC2732E;
			buildPhases = (
				17597188D013A7049750434B,
				25C80E23035A2FCC50547A94,
				39A006DA2217F1D66EB9806E,
			);
			buildRules = (
			);
			dependencies = (
				7534093866C528320D1DBF54,
			);
			name = "WavetableCVAE - VST3";
			productName = WavetableCVAE;
			productReference = 780333FF95A6C9C67091E9D8;
			productType = "com.apple.product-type.bundle";
		};
		DCEF35C656BE6397A28355B5 /* WavetableCVAE - Standalone Plugin */ = {
			isa = PBXNativeTarget;
			buildConfigurationList = 0A93A5B5E9FDB86D7FECBD53;
			buildPhases = (
				6F0D90E311BCF6F5ECA4F68B,
				B6D0E9C413FAE38338EBBE72,
				3593B99BBF9CB9BAE436BA31,
			);
			buildRules = (
			);
			dependencies = (
				36E1455808E875A5DB07144E,
			);
			name = "WavetableCVAE - Standalone Plugin";
			productName = WavetableCVAE;
			productReference = 61B4BF4EDACEC8910F1FF8E9;
			productType = "com.apple.product-type.application";
		};
		EDDCFC34D8981853517C0364 /* WavetableCVAE - AU */ = {
			isa = PBXNativeTarget;
			buildConfigurationList = 708A0AA7547CDD0D7259C02E;
			buildPhases = (
				B1152D441BD42E857F7288AF,
				1E76039130A540CD3417423F,
				73797985A5736CD82D025E3F,
			);
			buildRules = (
			);
			dependencies = (
				B5EDB22CA7FBC609A7DC2079,
			);
			name = "WavetableCVAE - AU";
			productName = WavetableCVAE;
			productReference = 10567E219B5C2462177F1668;
			productType = "com.apple.product-type.bundle";
		};
/* End PBXNativeTarget section */

/* Begin PBXProject section */
		DF147AC5D2FE980B4742A3D5 = {
			isa = PBXProject;
			attributes = {
				LastUpgradeCheck = 1340;
				ORGANIZATIONNAME = "Tsugumasa Yutani";
				TargetAttributes = {
					3216C0EDA4890A9DB0C52550 = {
						SystemCapabilities = {
							com.apple.ApplicationGroups.iOS = {
								enabled = 0;
							};
							com.apple.HardenedRuntime = {
								enabled = 0;
							};
							com.apple.InAppPurchase = {
								enabled = 0;
							};
							com.apple.InterAppAudio = {
								enabled = 0;
							};
							com.apple.Push = {
								enabled = 0;
							};
							com.apple.Sandbox = {
								enabled = 0;
							};
						};
					};
					D94F4B163736BD7206021EE2 = {
						SystemCapabilities = {
							com.apple.ApplicationGroups.iOS = {
								enabled = 0;
							};
							com.apple.HardenedRuntime = {
								enabled = 0;
							};
							com.apple.InAppPurchase = {
								enabled = 0;
							};
							com.apple.InterAppAudio = {
								enabled = 0;
							};
							com.apple.Push = {
								enabled = 0;
							};
							com.apple.Sandbox = {
								enabled = 0;
							};
						};
					};
					DA259CAA37502FE8EF1BCA10 = {
						SystemCapabilities = {
							com.apple.ApplicationGroups.iOS = {
								enabled = 0;
							};
							com.apple.HardenedRuntime = {
								enabled = 0;
							};
							com.apple.InAppPurchase = {
								enabled = 0;
							};
							com.apple.InterAppAudio = {
								enabled = 0;
							};
							com.apple.Push = {
								enabled = 0;
							};
							com.apple.Sandbox = {
								enabled = 0;
							};
						};
					};
					DCEF35C656BE6397A28355B5 = {
						SystemCapabilities = {
							com.apple.ApplicationGroups.iOS = {
								enabled = 0;
							};
							com.apple.HardenedRuntime = {
								enabled = 0;
							};
							com.apple.InAppPurchase = {
								enabled = 0;
							};
							com.apple.InterAppAudio = {
								enabled = 0;
							};
							com.apple.Push = {
								enabled = 0;
							};
							com.apple.Sandbox = {
								enabled = 0;
							};
						};
					};
					EDDCFC34D8981853517C0364 = {
						SystemCapabilities = {
							com.apple.ApplicationGroups.iOS = {
								enabled = 0;
							};
							com.apple.HardenedRuntime = {
								enabled = 0;
							};
							com.apple.InAppPurchase = {
								enabled = 0;
							};
							com.apple.InterAppAudio = {
								enabled = 0;
							};
							com.apple.Push = {
								enabled = 0;
							};
							com.apple.Sandbox = {
								enabled = 0;
							};
						};
					};
				};
			};
			buildConfigurationList = D2ADF49948C3296C5F750503;
			compatibilityVersion = "Xcode 3.2";
			hasScannedForEncodings = 0;
			knownRegions = (
				en,
				Base,
			);
			mainGroup = 7DF97F3674327D5CA3DABC10;
			projectDirPath = "";
			projectRoot = "";
			targets = (
				D94F4B163736BD7206021EE2,
				DA259CAA37502FE8EF1BCA10,
				EDDCFC34D8981853517C0364,
				DCEF35C656BE6397A28355B5,
				3216C0EDA4890A9DB0C52550,
			);
		};
/* End PBXProject section */

/* Begin PBXResourcesBuildPhase section */
		17597188D013A7049750434B = {
			isa = PBXResourcesBuildPhase;
			buildActionMask = 2147483647;
			files = (
				449BEBBBAE41117BC49C2863,
				A8C0D686C4B9EC2E9415C373,
				992637C4272A3F69B1A32A64,
			);
			runOnlyForDeploymentPostprocessing = 0;
		};
		6F0D90E311BCF6F5ECA4F68B = {
			isa = PBXResourcesBuildPhase;
			buildActionMask = 2147483647;
			files = (
				449BEBBBAE41117BC49C2863,
				A8C0D686C4B9EC2E9415C373,
				992637C4272A3F69B1A32A64,
			);
			runOnlyForDeploymentPostprocessing = 0;
		};
		B1152D441BD42E857F7288AF = {
			isa = PBXResourcesBuildPhase;
			buildActionMask = 2147483647;
			files = (
				449BEBBBAE41117BC49C2863,
				A8C0D686C4B9EC2E9415C373,
				992637C4272A3F69B1A32A64,
			);
			runOnlyForDeploymentPostprocessing = 0;
		};
/* End PBXResourcesBuildPhase section */

/* Begin PBXSourcesBuildPhase section */
		1E76039130A540CD3417423F = {
			isa = PBXSourcesBuildPhase;
			buildActionMask = 2147483647;
			files = (
				5C4632994BDDDD580B6C9070,
				55871CE639AF9FF72E271C10,
			);
			runOnlyForDeploymentPostprocessing = 0;
		};
		25C80E23035A2FCC50547A94 = {
			isa = PBXSourcesBuildPhase;
			buildActionMask = 2147483647;
			files = (
				F5965BF4995BCE950CB461A3,
			);
			runOnlyForDeploymentPostprocessing = 0;
		};
		948AC0BC828255D31D88B90C = {
			isa = PBXSourcesBuildPhase;
			buildActionMask = 2147483647;
			files = (
				E8DAE7CE998DC0C10C58DC3C,
				33020477CB7C0B152C6E0D24,
				0A17F97D2BFC8DFAC2ECE708,
				520B7C2DE63438F9470ACB8E,
				5BCD6132C23E8DBB1CCC665E,
				5A0504CAA84E7BEA8723702E,
				F29DEEF89AA6983A1A3C54FC,
				5AF70D80AAF15755DB0CAF03,
				D544AF3459698D1837347C92,
				65127839A2FB52B59D5DDA38,
				AED7E18A80DBD85CA9CB9F86,
				644E73902E6A5B617C41D1E8,
				E8B5E551F76B4F50EED0EED8,
				2A8BCB0064846FCB21D40DBF,
				2B15377D2181B9D560848B44,
				36260CB42DF16503017EE145,
				FE6BE3AC9CD87BF1C3554029,
				07C772F68E70D85EAA875289,
				1CC3B86E68318F570F96FABE,
				CCE0FA63D9972547C3010CEA,
				C1CFC5627F8FF3B6D93DF493,
				7C416161754FB2CEF33FB4DD,
				50C4902A407045313A343377,
			);
			runOnlyForDeploymentPostprocessing = 0;
		};
		B6D0E9C413FAE38338EBBE72 = {
			isa = PBXSourcesBuildPhase;
			buildActionMask = 2147483647;
			files = (
				5D1DA968E10B50CCBC5759A1,
			);
			runOnlyForDeploymentPostprocessing = 0;
		};
/* End PBXSourcesBuildPhase section */

/* Begin PBXTargetDependency section */
		36E1455808E875A5DB07144E = {
			isa = PBXTargetDependency;
			target = 3216C0EDA4890A9DB0C52550;
		};
		7534093866C528320D1DBF54 = {
			isa = PBXTargetDependency;
			target = 3216C0EDA4890A9DB0C52550;
		};
		821453551AEE740E8BCF9354 = {
			isa = PBXTargetDependency;
			target = DA259CAA37502FE8EF1BCA10;
		};
		A4033562289A43F7B3EBA785 = {
			isa = PBXTargetDependency;
			target = DCEF35C656BE6397A28355B5;
		};
		B5EDB22CA7FBC609A7DC2079 = {
			isa = PBXTargetDependency;
			target = 3216C0EDA4890A9DB0C52550;
		};
		EB4F9765AED77BC952F69BF7 = {
			isa = PBXTargetDependency;
			target = EDDCFC34D8981853517C0364;
		};
		FC7C6D73EC28332327BB7725 = {
			isa = PBXTargetDependency;
			target = 3216C0EDA4890A9DB0C52550;
		};
/* End PBXTargetDependency section */

/* Begin XCBuildConfiguration section */
		02F8996AAB581E55A9681AD2 /* Debug */ = {
			isa = XCBuildConfiguration;
			buildSettings = {
				ALWAYS_SEARCH_USER_PATHS = NO;
				CLANG_ENABLE_OBJC_WEAK = YES;
				CLANG_WARN_BLOCK_CAPTURE_AUTORELEASING = YES;
				CLANG_WARN_BOOL_CONVERSION = YES;
				CLANG_WARN_COMMA = YES;
				CLANG_WARN_CONSTANT_CONVERSION = YES;
				CLANG_WARN_DEPRECATED_OBJC_IMPLEMENTATIONS = YES;
				CLANG_WARN_EMPTY_BODY = YES;
				CLANG_WARN_ENUM_CONVERSION = YES;
				CLANG_WARN_INFINITE_RECURSION = YES;
				CLANG_WARN_INT_CONVERSION = YES;
				CLANG_WARN_NON_LITERAL_NULL_CONVERSION = YES;
				CLANG_WARN_OBJC_IMPLICIT_RETAIN_SELF = YES;
				CLANG_WARN_OBJC_LITERAL_CONVERSION = YES;
				CLANG_WARN_RANGE_LOOP_ANALYSIS = YES;
				CLANG_WARN_STRICT_PROTOTYPES = YES;
				CLANG_WARN_SUSPICIOUS_MOVE = YES;
				CLANG_WARN_UNREACHABLE_CODE = YES;
				CLANG_WARN__DUPLICATE_METHOD_MATCH = YES;
				DEBUG_INFORMATION_FORMAT = dwarf;
				ENABLE_STRICT_OBJC_MSGSEND = YES;
				ENABLE_TESTABILITY = NO;
				GCC_C_LANGUAGE_STANDARD = c11;
				GCC_INLINES_ARE_PRIVATE_EXTERN = YES;
				GCC_MODEL_TUNING = G5;
				GCC_NO_COMMON_BLOCKS = YES;
				GCC_SYMBOLS_PRIVATE_EXTERN = YES;
				GCC_WARN_64_TO_32_BIT_CONVERSION = YES;
				GCC_WARN_ABOUT_RETURN_TYPE = YES;
				GCC_WARN_CHECK_SWITCH_STATEMENTS = YES;
				GCC_WARN_MISSING_PARENTHESES = YES;
				GCC_WARN_NON_VIRTUAL_DESTRUCTOR = YES;
				GCC_WARN_TYPECHECK_CALLS_TO_PRINTF = YES;
				GCC_WARN_UNDECLARED_SELECTOR = YES;
				GCC_WARN_UNINITIALIZED_AUTOS = YES;
				GCC_WARN_UNUSED_FUNCTION = YES;
				GCC_WARN_UNUSED_VARIABLE = YES;
				ONLY_ACTIVE_ARCH = YES;
				PRODUCT_NAME = "WavetableSynth";
				SDKROOT = macosx;
				WARNING_CFLAGS = "-Wreorder";
				ZERO_LINK = NO;
			};
			name = Debug;
		};
		60A595494B0D515155F4B195 /* Debug */ = {
			isa = XCBuildConfiguration;
			buildSettings = {
				CLANG_CXX_LANGUAGE_STANDARD = "c++17";
				CLANG_CXX_LIBRARY = "libc++";
				CLANG_LINK_OBJC_RUNTIME = NO;
				COMBINE_HIDPI_IMAGES = YES;
				CONFIGURATION_BUILD_DIR = "$(PROJECT_DIR)/build/$(CONFIGURATION)";
				COPY_PHASE_STRIP = NO;
				DEPLOYMENT_LOCATION = YES;
				DSTROOT = /;
				EXCLUDED_ARCHS = "";
				GCC_DYNAMIC_NO_PIC = NO;
				GCC_OPTIMIZATION_LEVEL = 0;
				GCC_PREPROCESSOR_DEFINITIONS = (
					"_DEBUG=1",
					"DEBUG=1",
					"JUCE_DISPLAY_SPLASH_SCREEN=1",
					"JUCE_USE_DARK_SPLASH_SCREEN=1",
					"JUCE_PROJUCER_VERSION=0x70005",
					"JUCE_MODULE_AVAILABLE_juce_audio_basics=1",
					"JUCE_MODULE_AVAILABLE_juce_audio_devices=1",
					"JUCE_MODULE_AVAILABLE_juce_audio_formats=1",
					"JUCE_MODULE_AVAILABLE_juce_audio_plugin_client=1",
					"JUCE_MODULE_AVAILABLE_juce_audio_processors=1",
					"JUCE_MODULE_AVAILABLE_juce_audio_utils=1",
					"JUCE_MODULE_AVAILABLE_juce_core=1",
					"JUCE_MODULE_AVAILABLE_juce_data_structures=1",
					"JUCE_MODULE_AVAILABLE_juce_events=1",
					"JUCE_MODULE_AVAILABLE_juce_graphics=1",
					"JUCE_MODULE_AVAILABLE_juce_gui_basics=1",
					"JUCE_MODULE_AVAILABLE_juce_gui_extra=1",
					"JUCE_GLOBAL_MODULE_SETTINGS_INCLUDED=1",
					"JUCE_VST3_CAN_REPLACE_VST2=0",
					"JUCE_STRICT_REFCOUNTEDPOINTER=1",
					"JucePlugin_Build_VST=0",
					"JucePlugin_Build_VST3=0",
					"JucePlugin_Build_AU=1",
					"JucePlugin_Build_AUv3=0",
					"JucePlugin_Build_AAX=0",
					"JucePlugin_Build_Standalone=0",
					"JucePlugin_Build_Unity=0",
					"JucePlugin_Build_LV2=0",
					"JucePlugin_Enable_IAA=0",
					"JucePlugin_Enable_ARA=0",
					"JucePlugin_Name=\\\"WavetableCVAE\\\"",
					"JucePlugin_Desc=\\\"WavetableCVAE\\\"",
					"JucePlugin_Manufacturer=\\\"Tsugumasa\\ Yutani\\\"",
					"JucePlugin_ManufacturerWebsite=\\\"www.TsugumasaYutani.com\\\"",
					"JucePlugin_ManufacturerEmail=\\\"\\\"",
					"JucePlugin_ManufacturerCode=0x4d616e75",
					"JucePlugin_PluginCode=0x4e657875",
					"JucePlugin_IsSynth=1",
					"JucePlugin_WantsMidiInput=1",
					"JucePlugin_ProducesMidiOutput=1",
					"JucePlugin_IsMidiEffect=0",
					"JucePlugin_EditorRequiresKeyboardFocus=0",
					"JucePlugin_Version=1.0.0",
					"JucePlugin_VersionCode=0x10000",
					"JucePlugin_VersionString=\\\"1.0.0\\\"",
					"JucePlugin_VSTUniqueID=JucePlugin_PluginCode",
					"JucePlugin_VSTCategory=kPlugCategSynth",
					"JucePlugin_Vst3Category=\\\"Instrument|Synth\\\"",
					"JucePlugin_AUMainType=\\'aumu\\'",
					"JucePlugin_AUSubType=JucePlugin_PluginCode",
					"JucePlugin_AUExportPrefix=WavetableCVAEAU",
					"JucePlugin_AUExportPrefixQuoted=\\\"WavetableCVAEAU\\\"",
					"JucePlugin_AUManufacturerCode=JucePlugin_ManufacturerCode",
					"JucePlugin_CFBundleIdentifier=com.TsugumasaYutani.WavetableCVAE",
					"JucePlugin_AAXIdentifier=com.TsugumasaYutani.WavetableCVAE",
					"JucePlugin_AAXManufacturerCode=JucePlugin_ManufacturerCode",
					"JucePlugin_AAXProductId=JucePlugin_PluginCode",
					"JucePlugin_AAXCategory=2048",
					"JucePlugin_AAXDisableBypass=0",
					"JucePlugin_AAXDisableMultiMono=0",
					"JucePlugin_IAAType=0x61757269",
					"JucePlugin_IAASubType=JucePlugin_PluginCode",
					"JucePlugin_IAAName=\\\"Tsugumasa\\ Yutani:\\ WavetableCVAE\\\"",
					"JucePlugin_VSTNumMidiInputs=16",
					"JucePlugin_VSTNumMidiOutputs=16",
					"JucePlugin_ARAContentTypes=0",
					"JucePlugin_ARATransformationFlags=0",
					"JucePlugin_ARAFactoryID=\\\"com.TsugumasaYutani.WavetableCVAE.factory\\\"",
					"JucePlugin_ARADocumentArchiveID=\\\"com.TsugumasaYutani.WavetableCVAE.aradocumentarchive.1.0.0\\\"",
					"JucePlugin_ARACompatibleArchiveIDs=\\\"\\\"",
					"JUCE_STANDALONE_APPLICATION=JucePlugin_Build_Standalone",
					"JUCER_XCODE_MAC_F6D2F4CF=1",
					"JUCE_APP_VERSION=1.0.0",
					"JUCE_APP_VERSION_HEX=0x10000",
				);
				GCC_VERSION = com.apple.compilers.llvm.clang.1_0;
				GENERATE_PKGINFO_FILE = YES;
				HEADER_SEARCH_PATHS = (
					"/Users/tsugumasayutani/JUCE/modules/juce_audio_processors/format_types/VST3_SDK",
					"/Users/tsugumasayutani/VST_SDK",
					"$(SRCROOT)/../../JuceLibraryCode",
					"/Users/tsugumasayutani/JUCE/modules",
					"$(SRCROOT)/../../onnxruntime/onnxruntime-osx-universal2-1.14.1/include",
					"/Users/tsugumasayutani/JUCE/modules/juce_audio_plugin_client/AU",
					"$(inherited)",
				);
				INFOPLIST_FILE = Info-AU.plist;
				INFOPLIST_PREPROCESS = NO;
				INSTALL_PATH = "$(HOME)/Library/Audio/Plug-Ins/Components/";
				LD_RUNPATH_SEARCH_PATHS = "@loader_path/../Resources/lib";
				LIBRARY_SEARCH_PATHS = (
					"$(inherited)",
					"\"../../onnxruntime/onnxruntime-osx-universal2-1.14.1/lib\"",
				);
				LIBRARY_STYLE = Bundle;
				MACOSX_DEPLOYMENT_TARGET = 10.13;
				MTL_HEADER_SEARCH_PATHS = "/Users/tsugumasayutani/JUCE/modules/juce_audio_processors/format_types/VST3_SDK /Users/tsugumasayutani/VST_SDK $(SRCROOT)/../../JuceLibraryCode /Users/tsugumasayutani/JUCE/modules $(SRCROOT)/../../onnxruntime/onnxruntime-osx-universal2-1.14.1/include /Users/tsugumasayutani/JUCE/modules/juce_audio_plugin_client/AU";
				OTHER_LDFLAGS = "-bundle -lWavetableSynth -lonnxruntime -weak_framework Metal -weak_framework MetalKit";
				OTHER_REZFLAGS = "-d ppc_$ppc -d i386_$i386 -d ppc64_$ppc64 -d x86_64_$x86_64 -d arm64_$arm64 -I /System/Library/Frameworks/CoreServices.framework/Frameworks/CarbonCore.framework/Versions/A/Headers -I \"$(DEVELOPER_DIR)/Extras/CoreAudio/AudioUnits/AUPublic/AUBase\" -I \"$(DEVELOPER_DIR)/Platforms/MacOSX.platform/Developer/SDKs/MacOSX.sdk/System/Library/Frameworks/AudioUnit.framework/Headers\"";
				PRODUCT_BUNDLE_IDENTIFIER = com.TsugumasaYutani.WavetableCVAE;
				PRODUCT_NAME = "WavetableSynth";
				USE_HEADERMAP = NO;
				VALID_ARCHS = "i386 x86_64 arm64 arm64e";
				WRAPPER_EXTENSION = component;
			};
			name = Debug;
		};
		64BD62B6FDDCCA1983EF7F51 /* Release */ = {
			isa = XCBuildConfiguration;
			buildSettings = {
				CLANG_CXX_LANGUAGE_STANDARD = "c++17";
				CLANG_CXX_LIBRARY = "libc++";
				CLANG_LINK_OBJC_RUNTIME = NO;
				COMBINE_HIDPI_IMAGES = YES;
				CONFIGURATION_BUILD_DIR = "$(PROJECT_DIR)/build/$(CONFIGURATION)";
				DEAD_CODE_STRIPPING = YES;
				DEPLOYMENT_LOCATION = YES;
				DSTROOT = /;
				EXCLUDED_ARCHS = "";
				GCC_GENERATE_DEBUGGING_SYMBOLS = NO;
				GCC_OPTIMIZATION_LEVEL = 3;
				GCC_PREPROCESSOR_DEFINITIONS = (
					"_NDEBUG=1",
					"NDEBUG=1",
					"JUCE_DISPLAY_SPLASH_SCREEN=1",
					"JUCE_USE_DARK_SPLASH_SCREEN=1",
					"JUCE_PROJUCER_VERSION=0x70005",
					"JUCE_MODULE_AVAILABLE_juce_audio_basics=1",
					"JUCE_MODULE_AVAILABLE_juce_audio_devices=1",
					"JUCE_MODULE_AVAILABLE_juce_audio_formats=1",
					"JUCE_MODULE_AVAILABLE_juce_audio_plugin_client=1",
					"JUCE_MODULE_AVAILABLE_juce_audio_processors=1",
					"JUCE_MODULE_AVAILABLE_juce_audio_utils=1",
					"JUCE_MODULE_AVAILABLE_juce_core=1",
					"JUCE_MODULE_AVAILABLE_juce_data_structures=1",
					"JUCE_MODULE_AVAILABLE_juce_events=1",
					"JUCE_MODULE_AVAILABLE_juce_graphics=1",
					"JUCE_MODULE_AVAILABLE_juce_gui_basics=1",
					"JUCE_MODULE_AVAILABLE_juce_gui_extra=1",
					"JUCE_GLOBAL_MODULE_SETTINGS_INCLUDED=1",
					"JUCE_VST3_CAN_REPLACE_VST2=0",
					"JUCE_STRICT_REFCOUNTEDPOINTER=1",
					"JucePlugin_Build_VST=0",
					"JucePlugin_Build_VST3=1",
					"JucePlugin_Build_AU=0",
					"JucePlugin_Build_AUv3=0",
					"JucePlugin_Build_AAX=0",
					"JucePlugin_Build_Standalone=0",
					"JucePlugin_Build_Unity=0",
					"JucePlugin_Build_LV2=0",
					"JucePlugin_Enable_IAA=0",
					"JucePlugin_Enable_ARA=0",
					"JucePlugin_Name=\\\"WavetableCVAE\\\"",
					"JucePlugin_Desc=\\\"WavetableCVAE\\\"",
					"JucePlugin_Manufacturer=\\\"Tsugumasa\\ Yutani\\\"",
					"JucePlugin_ManufacturerWebsite=\\\"www.TsugumasaYutani.com\\\"",
					"JucePlugin_ManufacturerEmail=\\\"\\\"",
					"JucePlugin_ManufacturerCode=0x4d616e75",
					"JucePlugin_PluginCode=0x4e657875",
					"JucePlugin_IsSynth=1",
					"JucePlugin_WantsMidiInput=1",
					"JucePlugin_ProducesMidiOutput=1",
					"JucePlugin_IsMidiEffect=0",
					"JucePlugin_EditorRequiresKeyboardFocus=0",
					"JucePlugin_Version=1.0.0",
					"JucePlugin_VersionCode=0x10000",
					"JucePlugin_VersionString=\\\"1.0.0\\\"",
					"JucePlugin_VSTUniqueID=JucePlugin_PluginCode",
					"JucePlugin_VSTCategory=kPlugCategSynth",
					"JucePlugin_Vst3Category=\\\"Instrument|Synth\\\"",
					"JucePlugin_AUMainType=\\'aumu\\'",
					"JucePlugin_AUSubType=JucePlugin_PluginCode",
					"JucePlugin_AUExportPrefix=WavetableCVAEAU",
					"JucePlugin_AUExportPrefixQuoted=\\\"WavetableCVAEAU\\\"",
					"JucePlugin_AUManufacturerCode=JucePlugin_ManufacturerCode",
					"JucePlugin_CFBundleIdentifier=com.TsugumasaYutani.WavetableCVAE",
					"JucePlugin_AAXIdentifier=com.TsugumasaYutani.WavetableCVAE",
					"JucePlugin_AAXManufacturerCode=JucePlugin_ManufacturerCode",
					"JucePlugin_AAXProductId=JucePlugin_PluginCode",
					"JucePlugin_AAXCategory=2048",
					"JucePlugin_AAXDisableBypass=0",
					"JucePlugin_AAXDisableMultiMono=0",
					"JucePlugin_IAAType=0x61757269",
					"JucePlugin_IAASubType=JucePlugin_PluginCode",
					"JucePlugin_IAAName=\\\"Tsugumasa\\ Yutani:\\ WavetableCVAE\\\"",
					"JucePlugin_VSTNumMidiInputs=16",
					"JucePlugin_VSTNumMidiOutputs=16",
					"JucePlugin_ARAContentTypes=0",
					"JucePlugin_ARATransformationFlags=0",
					"JucePlugin_ARAFactoryID=\\\"com.TsugumasaYutani.WavetableCVAE.factory\\\"",
					"JucePlugin_ARADocumentArchiveID=\\\"com.TsugumasaYutani.WavetableCVAE.aradocumentarchive.1.0.0\\\"",
					"JucePlugin_ARACompatibleArchiveIDs=\\\"\\\"",
					"JUCE_STANDALONE_APPLICATION=JucePlugin_Build_Standalone",
					"JUCER_XCODE_MAC_F6D2F4CF=1",
					"JUCE_APP_VERSION=1.0.0",
					"JUCE_APP_VERSION_HEX=0x10000",
				);
				GCC_VERSION = com.apple.compilers.llvm.clang.1_0;
				GENERATE_PKGINFO_FILE = YES;
				HEADER_SEARCH_PATHS = (
					"/Users/tsugumasayutani/JUCE/modules/juce_audio_processors/format_types/VST3_SDK",
					"/Users/tsugumasayutani/VST_SDK",
					"$(SRCROOT)/../../JuceLibraryCode",
					"/Users/tsugumasayutani/JUCE/modules",
					"/Users/tsugumasayutani/Documents/onnxruntime/onnxruntime-osx-universal2-1.14.1/include",
					"/Users/tsugumasayutani/JUCE/modules/juce_audio_plugin_client/AU",
					"$(inherited)",
				);
				INFOPLIST_FILE = Info-VST3.plist;
				INFOPLIST_PREPROCESS = NO;
				INSTALL_PATH = "$(HOME)/Library/Audio/Plug-Ins/VST3/";
				LD_RUNPATH_SEARCH_PATHS = "@loader_path/../Resources/lib";
				LIBRARY_SEARCH_PATHS = (
					"$(inherited)",
					"\"/Users/tsugumasayutani/Documents/onnxruntime/onnxruntime-osx-universal2-1.14.1/lib\"",
				);
				LIBRARY_STYLE = Bundle;
				LLVM_LTO = YES;
				MACOSX_DEPLOYMENT_TARGET = 10.13;
				MTL_HEADER_SEARCH_PATHS = "/Users/tsugumasayutani/JUCE/modules/juce_audio_processors/format_types/VST3_SDK /Users/tsugumasayutani/VST_SDK $(SRCROOT)/../../JuceLibraryCode /Users/tsugumasayutani/JUCE/modules /Users/tsugumasayutani/Documents/onnxruntime/onnxruntime-osx-universal2-1.14.1/include /Users/tsugumasayutani/JUCE/modules/juce_audio_plugin_client/AU";
				OTHER_LDFLAGS = "-bundle -lWavetableSynth -lonnxruntime -weak_framework Metal -weak_framework MetalKit";
				PRODUCT_BUNDLE_IDENTIFIER = com.TsugumasaYutani.WavetableCVAE;
				PRODUCT_NAME = "WavetableSynth";
				USE_HEADERMAP = NO;
				VALID_ARCHS = "i386 x86_64 arm64 arm64e";
				WRAPPER_EXTENSION = vst3;
			};
			name = Release;
		};
		64FFFF15AA83109C66A4006C /* Release */ = {
			isa = XCBuildConfiguration;
			buildSettings = {
				MACOSX_DEPLOYMENT_TARGET = 10.13;
				SDKROOT = macosx;
			};
			name = Release;
		};
		73ACD669748E49C42D835437 /* Debug */ = {
			isa = XCBuildConfiguration;
			buildSettings = {
				CLANG_CXX_LANGUAGE_STANDARD = "c++17";
				CLANG_CXX_LIBRARY = "libc++";
				CLANG_LINK_OBJC_RUNTIME = NO;
				COMBINE_HIDPI_IMAGES = YES;
				CONFIGURATION_BUILD_DIR = "$(PROJECT_DIR)/build/$(CONFIGURATION)";
				COPY_PHASE_STRIP = NO;
				EXCLUDED_ARCHS = "";
				GCC_DYNAMIC_NO_PIC = NO;
				GCC_OPTIMIZATION_LEVEL = 0;
				GCC_PREPROCESSOR_DEFINITIONS = (
					"_DEBUG=1",
					"DEBUG=1",
					"JUCE_DISPLAY_SPLASH_SCREEN=1",
					"JUCE_USE_DARK_SPLASH_SCREEN=1",
					"JUCE_PROJUCER_VERSION=0x70005",
					"JUCE_MODULE_AVAILABLE_juce_audio_basics=1",
					"JUCE_MODULE_AVAILABLE_juce_audio_devices=1",
					"JUCE_MODULE_AVAILABLE_juce_audio_formats=1",
					"JUCE_MODULE_AVAILABLE_juce_audio_plugin_client=1",
					"JUCE_MODULE_AVAILABLE_juce_audio_processors=1",
					"JUCE_MODULE_AVAILABLE_juce_audio_utils=1",
					"JUCE_MODULE_AVAILABLE_juce_core=1",
					"JUCE_MODULE_AVAILABLE_juce_data_structures=1",
					"JUCE_MODULE_AVAILABLE_juce_events=1",
					"JUCE_MODULE_AVAILABLE_juce_graphics=1",
					"JUCE_MODULE_AVAILABLE_juce_gui_basics=1",
					"JUCE_MODULE_AVAILABLE_juce_gui_extra=1",
					"JUCE_GLOBAL_MODULE_SETTINGS_INCLUDED=1",
					"JUCE_VST3_CAN_REPLACE_VST2=0",
					"JUCE_STRICT_REFCOUNTEDPOINTER=1",
					"JucePlugin_Build_VST=0",
					"JucePlugin_Build_VST3=0",
					"JucePlugin_Build_AU=0",
					"JucePlugin_Build_AUv3=0",
					"JucePlugin_Build_AAX=0",
					"JucePlugin_Build_Standalone=1",
					"JucePlugin_Build_Unity=0",
					"JucePlugin_Build_LV2=0",
					"JucePlugin_Enable_IAA=0",
					"JucePlugin_Enable_ARA=0",
					"JucePlugin_Name=\\\"WavetableCVAE\\\"",
					"JucePlugin_Desc=\\\"WavetableCVAE\\\"",
					"JucePlugin_Manufacturer=\\\"Tsugumasa\\ Yutani\\\"",
					"JucePlugin_ManufacturerWebsite=\\\"www.TsugumasaYutani.com\\\"",
					"JucePlugin_ManufacturerEmail=\\\"\\\"",
					"JucePlugin_ManufacturerCode=0x4d616e75",
					"JucePlugin_PluginCode=0x4e657875",
					"JucePlugin_IsSynth=1",
					"JucePlugin_WantsMidiInput=1",
					"JucePlugin_ProducesMidiOutput=1",
					"JucePlugin_IsMidiEffect=0",
					"JucePlugin_EditorRequiresKeyboardFocus=0",
					"JucePlugin_Version=1.0.0",
					"JucePlugin_VersionCode=0x10000",
					"JucePlugin_VersionString=\\\"1.0.0\\\"",
					"JucePlugin_VSTUniqueID=JucePlugin_PluginCode",
					"JucePlugin_VSTCategory=kPlugCategSynth",
					"JucePlugin_Vst3Category=\\\"Instrument|Synth\\\"",
					"JucePlugin_AUMainType=\\'aumu\\'",
					"JucePlugin_AUSubType=JucePlugin_PluginCode",
					"JucePlugin_AUExportPrefix=WavetableCVAEAU",
					"JucePlugin_AUExportPrefixQuoted=\\\"WavetableCVAEAU\\\"",
					"JucePlugin_AUManufacturerCode=JucePlugin_ManufacturerCode",
					"JucePlugin_CFBundleIdentifier=com.TsugumasaYutani.WavetableCVAE",
					"JucePlugin_AAXIdentifier=com.TsugumasaYutani.WavetableCVAE",
					"JucePlugin_AAXManufacturerCode=JucePlugin_ManufacturerCode",
					"JucePlugin_AAXProductId=JucePlugin_PluginCode",
					"JucePlugin_AAXCategory=2048",
					"JucePlugin_AAXDisableBypass=0",
					"JucePlugin_AAXDisableMultiMono=0",
					"JucePlugin_IAAType=0x61757269",
					"JucePlugin_IAASubType=JucePlugin_PluginCode",
					"JucePlugin_IAAName=\\\"Tsugumasa\\ Yutani:\\ WavetableCVAE\\\"",
					"JucePlugin_VSTNumMidiInputs=16",
					"JucePlugin_VSTNumMidiOutputs=16",
					"JucePlugin_ARAContentTypes=0",
					"JucePlugin_ARATransformationFlags=0",
					"JucePlugin_ARAFactoryID=\\\"com.TsugumasaYutani.WavetableCVAE.factory\\\"",
					"JucePlugin_ARADocumentArchiveID=\\\"com.TsugumasaYutani.WavetableCVAE.aradocumentarchive.1.0.0\\\"",
					"JucePlugin_ARACompatibleArchiveIDs=\\\"\\\"",
					"JUCE_STANDALONE_APPLICATION=JucePlugin_Build_Standalone",
					"JUCER_XCODE_MAC_F6D2F4CF=1",
					"JUCE_APP_VERSION=1.0.0",
					"JUCE_APP_VERSION_HEX=0x10000",
				);
				GCC_VERSION = com.apple.compilers.llvm.clang.1_0;
				HEADER_SEARCH_PATHS = (
					"/Users/tsugumasayutani/JUCE/modules/juce_audio_processors/format_types/VST3_SDK",
					"/Users/tsugumasayutani/VST_SDK",
					"$(SRCROOT)/../../JuceLibraryCode",
					"/Users/tsugumasayutani/JUCE/modules",
					"$(SRCROOT)/../../onnxruntime/onnxruntime-osx-universal2-1.14.1/include",
					"/Users/tsugumasayutani/JUCE/modules/juce_audio_plugin_client/AU",
					"$(inherited)",
				);
				INFOPLIST_FILE = Info-Standalone_Plugin.plist;
				INFOPLIST_PREPROCESS = NO;
				LD_RUNPATH_SEARCH_PATHS = "@loader_path/../Resources/lib";
				LIBRARY_SEARCH_PATHS = (
					"$(inherited)",
					"\"../../onnxruntime/onnxruntime-osx-universal2-1.14.1/lib\"",
				);
				MACOSX_DEPLOYMENT_TARGET = 10.13;
				MTL_HEADER_SEARCH_PATHS = "/Users/tsugumasayutani/JUCE/modules/juce_audio_processors/format_types/VST3_SDK /Users/tsugumasayutani/VST_SDK $(SRCROOT)/../../JuceLibraryCode /Users/tsugumasayutani/JUCE/modules $(SRCROOT)/../../onnxruntime/onnxruntime-osx-universal2-1.14.1/include /Users/tsugumasayutani/JUCE/modules/juce_audio_plugin_client/AU";
				OTHER_LDFLAGS = "-lWavetableSynth -lonnxruntime -weak_framework Metal -weak_framework MetalKit";
				PRODUCT_BUNDLE_IDENTIFIER = com.TsugumasaYutani.WavetableCVAE;
				PRODUCT_NAME = "WavetableSynth";
				USE_HEADERMAP = NO;
				VALID_ARCHS = "i386 x86_64 arm64 arm64e";
			};
			name = Debug;
		};
		7718F90CF7321A3A1409A472 /* Debug */ = {
			isa = XCBuildConfiguration;
			buildSettings = {
				CLANG_CXX_LANGUAGE_STANDARD = "c++17";
				CLANG_CXX_LIBRARY = "libc++";
				CLANG_LINK_OBJC_RUNTIME = NO;
				COMBINE_HIDPI_IMAGES = YES;
				CONFIGURATION_BUILD_DIR = "$(PROJECT_DIR)/build/$(CONFIGURATION)";
				COPY_PHASE_STRIP = NO;
				DEPLOYMENT_LOCATION = YES;
				DSTROOT = /;
				EXCLUDED_ARCHS = "";
				GCC_DYNAMIC_NO_PIC = NO;
				GCC_OPTIMIZATION_LEVEL = 0;
				GCC_PREPROCESSOR_DEFINITIONS = (
					"_DEBUG=1",
					"DEBUG=1",
					"JUCE_DISPLAY_SPLASH_SCREEN=1",
					"JUCE_USE_DARK_SPLASH_SCREEN=1",
					"JUCE_PROJUCER_VERSION=0x70005",
					"JUCE_MODULE_AVAILABLE_juce_audio_basics=1",
					"JUCE_MODULE_AVAILABLE_juce_audio_devices=1",
					"JUCE_MODULE_AVAILABLE_juce_audio_formats=1",
					"JUCE_MODULE_AVAILABLE_juce_audio_plugin_client=1",
					"JUCE_MODULE_AVAILABLE_juce_audio_processors=1",
					"JUCE_MODULE_AVAILABLE_juce_audio_utils=1",
					"JUCE_MODULE_AVAILABLE_juce_core=1",
					"JUCE_MODULE_AVAILABLE_juce_data_structures=1",
					"JUCE_MODULE_AVAILABLE_juce_events=1",
					"JUCE_MODULE_AVAILABLE_juce_graphics=1",
					"JUCE_MODULE_AVAILABLE_juce_gui_basics=1",
					"JUCE_MODULE_AVAILABLE_juce_gui_extra=1",
					"JUCE_GLOBAL_MODULE_SETTINGS_INCLUDED=1",
					"JUCE_VST3_CAN_REPLACE_VST2=0",
					"JUCE_STRICT_REFCOUNTEDPOINTER=1",
					"JucePlugin_Build_VST=0",
					"JucePlugin_Build_VST3=1",
					"JucePlugin_Build_AU=0",
					"JucePlugin_Build_AUv3=0",
					"JucePlugin_Build_AAX=0",
					"JucePlugin_Build_Standalone=0",
					"JucePlugin_Build_Unity=0",
					"JucePlugin_Build_LV2=0",
					"JucePlugin_Enable_IAA=0",
					"JucePlugin_Enable_ARA=0",
					"JucePlugin_Name=\\\"WavetableCVAE\\\"",
					"JucePlugin_Desc=\\\"WavetableCVAE\\\"",
					"JucePlugin_Manufacturer=\\\"Tsugumasa\\ Yutani\\\"",
					"JucePlugin_ManufacturerWebsite=\\\"www.TsugumasaYutani.com\\\"",
					"JucePlugin_ManufacturerEmail=\\\"\\\"",
					"JucePlugin_ManufacturerCode=0x4d616e75",
					"JucePlugin_PluginCode=0x4e657875",
					"JucePlugin_IsSynth=1",
					"JucePlugin_WantsMidiInput=1",
					"JucePlugin_ProducesMidiOutput=1",
					"JucePlugin_IsMidiEffect=0",
					"JucePlugin_EditorRequiresKeyboardFocus=0",
					"JucePlugin_Version=1.0.0",
					"JucePlugin_VersionCode=0x10000",
					"JucePlugin_VersionString=\\\"1.0.0\\\"",
					"JucePlugin_VSTUniqueID=JucePlugin_PluginCode",
					"JucePlugin_VSTCategory=kPlugCategSynth",
					"JucePlugin_Vst3Category=\\\"Instrument|Synth\\\"",
					"JucePlugin_AUMainType=\\'aumu\\'",
					"JucePlugin_AUSubType=JucePlugin_PluginCode",
					"JucePlugin_AUExportPrefix=WavetableCVAEAU",
					"JucePlugin_AUExportPrefixQuoted=\\\"WavetableCVAEAU\\\"",
					"JucePlugin_AUManufacturerCode=JucePlugin_ManufacturerCode",
					"JucePlugin_CFBundleIdentifier=com.TsugumasaYutani.WavetableCVAE",
					"JucePlugin_AAXIdentifier=com.TsugumasaYutani.WavetableCVAE",
					"JucePlugin_AAXManufacturerCode=JucePlugin_ManufacturerCode",
					"JucePlugin_AAXProductId=JucePlugin_PluginCode",
					"JucePlugin_AAXCategory=2048",
					"JucePlugin_AAXDisableBypass=0",
					"JucePlugin_AAXDisableMultiMono=0",
					"JucePlugin_IAAType=0x61757269",
					"JucePlugin_IAASubType=JucePlugin_PluginCode",
					"JucePlugin_IAAName=\\\"Tsugumasa\\ Yutani:\\ WavetableCVAE\\\"",
					"JucePlugin_VSTNumMidiInputs=16",
					"JucePlugin_VSTNumMidiOutputs=16",
					"JucePlugin_ARAContentTypes=0",
					"JucePlugin_ARATransformationFlags=0",
					"JucePlugin_ARAFactoryID=\\\"com.TsugumasaYutani.WavetableCVAE.factory\\\"",
					"JucePlugin_ARADocumentArchiveID=\\\"com.TsugumasaYutani.WavetableCVAE.aradocumentarchive.1.0.0\\\"",
					"JucePlugin_ARACompatibleArchiveIDs=\\\"\\\"",
					"JUCE_STANDALONE_APPLICATION=JucePlugin_Build_Standalone",
					"JUCER_XCODE_MAC_F6D2F4CF=1",
					"JUCE_APP_VERSION=1.0.0",
					"JUCE_APP_VERSION_HEX=0x10000",
				);
				GCC_VERSION = com.apple.compilers.llvm.clang.1_0;
				GENERATE_PKGINFO_FILE = YES;
				HEADER_SEARCH_PATHS = (
					"/Users/tsugumasayutani/JUCE/modules/juce_audio_processors/format_types/VST3_SDK",
					"/Users/tsugumasayutani/VST_SDK",
					"$(SRCROOT)/../../JuceLibraryCode",
					"/Users/tsugumasayutani/JUCE/modules",
					"$(SRCROOT)/../../onnxruntime/onnxruntime-osx-universal2-1.14.1/include",
					"/Users/tsugumasayutani/JUCE/modules/juce_audio_plugin_client/AU",
					"$(inherited)",
				);
				INFOPLIST_FILE = Info-VST3.plist;
				INFOPLIST_PREPROCESS = NO;
				INSTALL_PATH = "$(HOME)/Library/Audio/Plug-Ins/VST3/";
				LD_RUNPATH_SEARCH_PATHS = "@loader_path/../Resources/lib";
				LIBRARY_SEARCH_PATHS = (
					"$(inherited)",
					"\"../../onnxruntime/onnxruntime-osx-universal2-1.14.1/lib\"",
				);
				LIBRARY_STYLE = Bundle;
				MACOSX_DEPLOYMENT_TARGET = 10.13;
				MTL_HEADER_SEARCH_PATHS = "/Users/tsugumasayutani/JUCE/modules/juce_audio_processors/format_types/VST3_SDK /Users/tsugumasayutani/VST_SDK $(SRCROOT)/../../JuceLibraryCode /Users/tsugumasayutani/JUCE/modules $(SRCROOT)/../../onnxruntime/onnxruntime-osx-universal2-1.14.1/include /Users/tsugumasayutani/JUCE/modules/juce_audio_plugin_client/AU";
				OTHER_LDFLAGS = "-bundle -lWavetableSynth -lonnxruntime -weak_framework Metal -weak_framework MetalKit";
				PRODUCT_BUNDLE_IDENTIFIER = com.TsugumasaYutani.WavetableCVAE;
				PRODUCT_NAME = "WavetableSynth";
				USE_HEADERMAP = NO;
				VALID_ARCHS = "i386 x86_64 arm64 arm64e";
				WRAPPER_EXTENSION = vst3;
			};
			name = Debug;
		};
		7985BCAD476609B53FF2A33B /* Debug */ = {
			isa = XCBuildConfiguration;
			buildSettings = {
				MACOSX_DEPLOYMENT_TARGET = 10.13;
				SDKROOT = macosx;
			};
			name = Debug;
		};
		909CE82306E4F62340B9283C /* Debug */ = {
			isa = XCBuildConfiguration;
			buildSettings = {
				CLANG_CXX_LANGUAGE_STANDARD = "c++17";
				CLANG_CXX_LIBRARY = "libc++";
				CLANG_LINK_OBJC_RUNTIME = NO;
				COMBINE_HIDPI_IMAGES = YES;
				CONFIGURATION_BUILD_DIR = "$(PROJECT_DIR)/build/$(CONFIGURATION)";
				COPY_PHASE_STRIP = NO;
				EXCLUDED_ARCHS = "";
				GCC_DYNAMIC_NO_PIC = NO;
				GCC_OPTIMIZATION_LEVEL = 0;
				GCC_PREPROCESSOR_DEFINITIONS = (
					"_DEBUG=1",
					"DEBUG=1",
					"JUCE_DISPLAY_SPLASH_SCREEN=1",
					"JUCE_USE_DARK_SPLASH_SCREEN=1",
					"JUCE_PROJUCER_VERSION=0x70005",
					"JUCE_MODULE_AVAILABLE_juce_audio_basics=1",
					"JUCE_MODULE_AVAILABLE_juce_audio_devices=1",
					"JUCE_MODULE_AVAILABLE_juce_audio_formats=1",
					"JUCE_MODULE_AVAILABLE_juce_audio_plugin_client=1",
					"JUCE_MODULE_AVAILABLE_juce_audio_processors=1",
					"JUCE_MODULE_AVAILABLE_juce_audio_utils=1",
					"JUCE_MODULE_AVAILABLE_juce_core=1",
					"JUCE_MODULE_AVAILABLE_juce_data_structures=1",
					"JUCE_MODULE_AVAILABLE_juce_events=1",
					"JUCE_MODULE_AVAILABLE_juce_graphics=1",
					"JUCE_MODULE_AVAILABLE_juce_gui_basics=1",
					"JUCE_MODULE_AVAILABLE_juce_gui_extra=1",
					"JUCE_GLOBAL_MODULE_SETTINGS_INCLUDED=1",
					"JUCE_VST3_CAN_REPLACE_VST2=0",
					"JUCE_STRICT_REFCOUNTEDPOINTER=1",
					"JucePlugin_Build_VST=0",
					"JucePlugin_Build_VST3=1",
					"JucePlugin_Build_AU=1",
					"JucePlugin_Build_AUv3=0",
					"JucePlugin_Build_AAX=0",
					"JucePlugin_Build_Standalone=1",
					"JucePlugin_Build_Unity=0",
					"JucePlugin_Build_LV2=0",
					"JucePlugin_Enable_IAA=0",
					"JucePlugin_Enable_ARA=0",
					"JucePlugin_Name=\\\"WavetableCVAE\\\"",
					"JucePlugin_Desc=\\\"WavetableCVAE\\\"",
					"JucePlugin_Manufacturer=\\\"Tsugumasa\\ Yutani\\\"",
					"JucePlugin_ManufacturerWebsite=\\\"www.TsugumasaYutani.com\\\"",
					"JucePlugin_ManufacturerEmail=\\\"\\\"",
					"JucePlugin_ManufacturerCode=0x4d616e75",
					"JucePlugin_PluginCode=0x4e657875",
					"JucePlugin_IsSynth=1",
					"JucePlugin_WantsMidiInput=1",
					"JucePlugin_ProducesMidiOutput=1",
					"JucePlugin_IsMidiEffect=0",
					"JucePlugin_EditorRequiresKeyboardFocus=0",
					"JucePlugin_Version=1.0.0",
					"JucePlugin_VersionCode=0x10000",
					"JucePlugin_VersionString=\\\"1.0.0\\\"",
					"JucePlugin_VSTUniqueID=JucePlugin_PluginCode",
					"JucePlugin_VSTCategory=kPlugCategSynth",
					"JucePlugin_Vst3Category=\\\"Instrument|Synth\\\"",
					"JucePlugin_AUMainType=\\'aumu\\'",
					"JucePlugin_AUSubType=JucePlugin_PluginCode",
					"JucePlugin_AUExportPrefix=WavetableCVAEAU",
					"JucePlugin_AUExportPrefixQuoted=\\\"WavetableCVAEAU\\\"",
					"JucePlugin_AUManufacturerCode=JucePlugin_ManufacturerCode",
					"JucePlugin_CFBundleIdentifier=com.TsugumasaYutani.WavetableCVAE",
					"JucePlugin_AAXIdentifier=com.TsugumasaYutani.WavetableCVAE",
					"JucePlugin_AAXManufacturerCode=JucePlugin_ManufacturerCode",
					"JucePlugin_AAXProductId=JucePlugin_PluginCode",
					"JucePlugin_AAXCategory=2048",
					"JucePlugin_AAXDisableBypass=0",
					"JucePlugin_AAXDisableMultiMono=0",
					"JucePlugin_IAAType=0x61757269",
					"JucePlugin_IAASubType=JucePlugin_PluginCode",
					"JucePlugin_IAAName=\\\"Tsugumasa\\ Yutani:\\ WavetableCVAE\\\"",
					"JucePlugin_VSTNumMidiInputs=16",
					"JucePlugin_VSTNumMidiOutputs=16",
					"JucePlugin_ARAContentTypes=0",
					"JucePlugin_ARATransformationFlags=0",
					"JucePlugin_ARAFactoryID=\\\"com.TsugumasaYutani.WavetableCVAE.factory\\\"",
					"JucePlugin_ARADocumentArchiveID=\\\"com.TsugumasaYutani.WavetableCVAE.aradocumentarchive.1.0.0\\\"",
					"JucePlugin_ARACompatibleArchiveIDs=\\\"\\\"",
					"JUCE_STANDALONE_APPLICATION=JucePlugin_Build_Standalone",
					"JUCER_XCODE_MAC_F6D2F4CF=1",
					"JUCE_APP_VERSION=1.0.0",
					"JUCE_APP_VERSION_HEX=0x10000",
					"JUCE_SHARED_CODE=1",
				);
				GCC_VERSION = com.apple.compilers.llvm.clang.1_0;
				HEADER_SEARCH_PATHS = (
					"/Users/tsugumasayutani/JUCE/modules/juce_audio_processors/format_types/VST3_SDK",
					"/Users/tsugumasayutani/VST_SDK",
					"$(SRCROOT)/../../JuceLibraryCode",
					"/Users/tsugumasayutani/JUCE/modules",
					"$(SRCROOT)/../../onnxruntime/onnxruntime-osx-universal2-1.14.1/include",
					"/Users/tsugumasayutani/JUCE/modules/juce_audio_plugin_client/AU",
					"$(inherited)",
				);
				INSTALL_PATH = "@executable_path/../Frameworks";
				LD_RUNPATH_SEARCH_PATHS = "@loader_path/../Resources/lib";
				LIBRARY_SEARCH_PATHS = (
					"$(inherited)",
					"\"../../onnxruntime/onnxruntime-osx-universal2-1.14.1/lib\"",
				);
				MACOSX_DEPLOYMENT_TARGET = 10.13;
				MTL_HEADER_SEARCH_PATHS = "/Users/tsugumasayutani/JUCE/modules/juce_audio_processors/format_types/VST3_SDK /Users/tsugumasayutani/VST_SDK $(SRCROOT)/../../JuceLibraryCode /Users/tsugumasayutani/JUCE/modules $(SRCROOT)/../../onnxruntime/onnxruntime-osx-universal2-1.14.1/include /Users/tsugumasayutani/JUCE/modules/juce_audio_plugin_client/AU";
				OTHER_LDFLAGS = "-weak_framework Metal -weak_framework MetalKit";
				PRODUCT_BUNDLE_IDENTIFIER = com.TsugumasaYutani.WavetableCVAE;
				PRODUCT_NAME = "WavetableSynth";
				SKIP_INSTALL = YES;
				USE_HEADERMAP = NO;
				VALID_ARCHS = "i386 x86_64 arm64 arm64e";
			};
			name = Debug;
		};
		981006AC245EFF848FCD1470 /* Release */ = {
			isa = XCBuildConfiguration;
			buildSettings = {
				CLANG_CXX_LANGUAGE_STANDARD = "c++17";
				CLANG_CXX_LIBRARY = "libc++";
				CLANG_LINK_OBJC_RUNTIME = NO;
				COMBINE_HIDPI_IMAGES = YES;
				CONFIGURATION_BUILD_DIR = "$(PROJECT_DIR)/build/$(CONFIGURATION)";
				DEAD_CODE_STRIPPING = YES;
				DEPLOYMENT_LOCATION = YES;
				DSTROOT = /;
				EXCLUDED_ARCHS = "";
				GCC_GENERATE_DEBUGGING_SYMBOLS = NO;
				GCC_OPTIMIZATION_LEVEL = 3;
				GCC_PREPROCESSOR_DEFINITIONS = (
					"_NDEBUG=1",
					"NDEBUG=1",
					"JUCE_DISPLAY_SPLASH_SCREEN=1",
					"JUCE_USE_DARK_SPLASH_SCREEN=1",
					"JUCE_PROJUCER_VERSION=0x70005",
					"JUCE_MODULE_AVAILABLE_juce_audio_basics=1",
					"JUCE_MODULE_AVAILABLE_juce_audio_devices=1",
					"JUCE_MODULE_AVAILABLE_juce_audio_formats=1",
					"JUCE_MODULE_AVAILABLE_juce_audio_plugin_client=1",
					"JUCE_MODULE_AVAILABLE_juce_audio_processors=1",
					"JUCE_MODULE_AVAILABLE_juce_audio_utils=1",
					"JUCE_MODULE_AVAILABLE_juce_core=1",
					"JUCE_MODULE_AVAILABLE_juce_data_structures=1",
					"JUCE_MODULE_AVAILABLE_juce_events=1",
					"JUCE_MODULE_AVAILABLE_juce_graphics=1",
					"JUCE_MODULE_AVAILABLE_juce_gui_basics=1",
					"JUCE_MODULE_AVAILABLE_juce_gui_extra=1",
					"JUCE_GLOBAL_MODULE_SETTINGS_INCLUDED=1",
					"JUCE_VST3_CAN_REPLACE_VST2=0",
					"JUCE_STRICT_REFCOUNTEDPOINTER=1",
					"JucePlugin_Build_VST=0",
					"JucePlugin_Build_VST3=0",
					"JucePlugin_Build_AU=1",
					"JucePlugin_Build_AUv3=0",
					"JucePlugin_Build_AAX=0",
					"JucePlugin_Build_Standalone=0",
					"JucePlugin_Build_Unity=0",
					"JucePlugin_Build_LV2=0",
					"JucePlugin_Enable_IAA=0",
					"JucePlugin_Enable_ARA=0",
					"JucePlugin_Name=\\\"WavetableCVAE\\\"",
					"JucePlugin_Desc=\\\"WavetableCVAE\\\"",
					"JucePlugin_Manufacturer=\\\"Tsugumasa\\ Yutani\\\"",
					"JucePlugin_ManufacturerWebsite=\\\"www.TsugumasaYutani.com\\\"",
					"JucePlugin_ManufacturerEmail=\\\"\\\"",
					"JucePlugin_ManufacturerCode=0x4d616e75",
					"JucePlugin_PluginCode=0x4e657875",
					"JucePlugin_IsSynth=1",
					"JucePlugin_WantsMidiInput=1",
					"JucePlugin_ProducesMidiOutput=1",
					"JucePlugin_IsMidiEffect=0",
					"JucePlugin_EditorRequiresKeyboardFocus=0",
					"JucePlugin_Version=1.0.0",
					"JucePlugin_VersionCode=0x10000",
					"JucePlugin_VersionString=\\\"1.0.0\\\"",
					"JucePlugin_VSTUniqueID=JucePlugin_PluginCode",
					"JucePlugin_VSTCategory=kPlugCategSynth",
					"JucePlugin_Vst3Category=\\\"Instrument|Synth\\\"",
					"JucePlugin_AUMainType=\\'aumu\\'",
					"JucePlugin_AUSubType=JucePlugin_PluginCode",
					"JucePlugin_AUExportPrefix=WavetableCVAEAU",
					"JucePlugin_AUExportPrefixQuoted=\\\"WavetableCVAEAU\\\"",
					"JucePlugin_AUManufacturerCode=JucePlugin_ManufacturerCode",
					"JucePlugin_CFBundleIdentifier=com.TsugumasaYutani.WavetableCVAE",
					"JucePlugin_AAXIdentifier=com.TsugumasaYutani.WavetableCVAE",
					"JucePlugin_AAXManufacturerCode=JucePlugin_ManufacturerCode",
					"JucePlugin_AAXProductId=JucePlugin_PluginCode",
					"JucePlugin_AAXCategory=2048",
					"JucePlugin_AAXDisableBypass=0",
					"JucePlugin_AAXDisableMultiMono=0",
					"JucePlugin_IAAType=0x61757269",
					"JucePlugin_IAASubType=JucePlugin_PluginCode",
					"JucePlugin_IAAName=\\\"Tsugumasa\\ Yutani:\\ WavetableCVAE\\\"",
					"JucePlugin_VSTNumMidiInputs=16",
					"JucePlugin_VSTNumMidiOutputs=16",
					"JucePlugin_ARAContentTypes=0",
					"JucePlugin_ARATransformationFlags=0",
					"JucePlugin_ARAFactoryID=\\\"com.TsugumasaYutani.WavetableCVAE.factory\\\"",
					"JucePlugin_ARADocumentArchiveID=\\\"com.TsugumasaYutani.WavetableCVAE.aradocumentarchive.1.0.0\\\"",
					"JucePlugin_ARACompatibleArchiveIDs=\\\"\\\"",
					"JUCE_STANDALONE_APPLICATION=JucePlugin_Build_Standalone",
					"JUCER_XCODE_MAC_F6D2F4CF=1",
					"JUCE_APP_VERSION=1.0.0",
					"JUCE_APP_VERSION_HEX=0x10000",
				);
				GCC_VERSION = com.apple.compilers.llvm.clang.1_0;
				GENERATE_PKGINFO_FILE = YES;
				HEADER_SEARCH_PATHS = (
					"/Users/tsugumasayutani/JUCE/modules/juce_audio_processors/format_types/VST3_SDK",
					"/Users/tsugumasayutani/VST_SDK",
					"$(SRCROOT)/../../JuceLibraryCode",
					"/Users/tsugumasayutani/JUCE/modules",
					"/Users/tsugumasayutani/Documents/onnxruntime/onnxruntime-osx-universal2-1.14.1/include",
					"/Users/tsugumasayutani/JUCE/modules/juce_audio_plugin_client/AU",
					"$(inherited)",
				);
				INFOPLIST_FILE = Info-AU.plist;
				INFOPLIST_PREPROCESS = NO;
				INSTALL_PATH = "$(HOME)/Library/Audio/Plug-Ins/Components/";
				LD_RUNPATH_SEARCH_PATHS = "@loader_path/../Resources/lib";
				LIBRARY_SEARCH_PATHS = (
					"$(inherited)",
					"\"/Users/tsugumasayutani/Documents/onnxruntime/onnxruntime-osx-universal2-1.14.1/lib\"",
				);
				LIBRARY_STYLE = Bundle;
				LLVM_LTO = YES;
				MACOSX_DEPLOYMENT_TARGET = 10.13;
				MTL_HEADER_SEARCH_PATHS = "/Users/tsugumasayutani/JUCE/modules/juce_audio_processors/format_types/VST3_SDK /Users/tsugumasayutani/VST_SDK $(SRCROOT)/../../JuceLibraryCode /Users/tsugumasayutani/JUCE/modules /Users/tsugumasayutani/Documents/onnxruntime/onnxruntime-osx-universal2-1.14.1/include /Users/tsugumasayutani/JUCE/modules/juce_audio_plugin_client/AU";
				OTHER_LDFLAGS = "-bundle -lWavetableSynth -lonnxruntime -weak_framework Metal -weak_framework MetalKit";
				OTHER_REZFLAGS = "-d ppc_$ppc -d i386_$i386 -d ppc64_$ppc64 -d x86_64_$x86_64 -d arm64_$arm64 -I /System/Library/Frameworks/CoreServices.framework/Frameworks/CarbonCore.framework/Versions/A/Headers -I \"$(DEVELOPER_DIR)/Extras/CoreAudio/AudioUnits/AUPublic/AUBase\" -I \"$(DEVELOPER_DIR)/Platforms/MacOSX.platform/Developer/SDKs/MacOSX.sdk/System/Library/Frameworks/AudioUnit.framework/Headers\"";
				PRODUCT_BUNDLE_IDENTIFIER = com.TsugumasaYutani.WavetableCVAE;
				PRODUCT_NAME = "WavetableSynth";
				USE_HEADERMAP = NO;
				VALID_ARCHS = "i386 x86_64 arm64 arm64e";
				WRAPPER_EXTENSION = component;
			};
			name = Release;
		};
		A8DE844D2A9138DF4D0E59C1 /* Release */ = {
			isa = XCBuildConfiguration;
			buildSettings = {
				CLANG_CXX_LANGUAGE_STANDARD = "c++17";
				CLANG_CXX_LIBRARY = "libc++";
				CLANG_LINK_OBJC_RUNTIME = NO;
				COMBINE_HIDPI_IMAGES = YES;
				CONFIGURATION_BUILD_DIR = "$(PROJECT_DIR)/build/$(CONFIGURATION)";
				DEAD_CODE_STRIPPING = YES;
				EXCLUDED_ARCHS = "";
				GCC_GENERATE_DEBUGGING_SYMBOLS = NO;
				GCC_OPTIMIZATION_LEVEL = 3;
				GCC_PREPROCESSOR_DEFINITIONS = (
					"_NDEBUG=1",
					"NDEBUG=1",
					"JUCE_DISPLAY_SPLASH_SCREEN=1",
					"JUCE_USE_DARK_SPLASH_SCREEN=1",
					"JUCE_PROJUCER_VERSION=0x70005",
					"JUCE_MODULE_AVAILABLE_juce_audio_basics=1",
					"JUCE_MODULE_AVAILABLE_juce_audio_devices=1",
					"JUCE_MODULE_AVAILABLE_juce_audio_formats=1",
					"JUCE_MODULE_AVAILABLE_juce_audio_plugin_client=1",
					"JUCE_MODULE_AVAILABLE_juce_audio_processors=1",
					"JUCE_MODULE_AVAILABLE_juce_audio_utils=1",
					"JUCE_MODULE_AVAILABLE_juce_core=1",
					"JUCE_MODULE_AVAILABLE_juce_data_structures=1",
					"JUCE_MODULE_AVAILABLE_juce_events=1",
					"JUCE_MODULE_AVAILABLE_juce_graphics=1",
					"JUCE_MODULE_AVAILABLE_juce_gui_basics=1",
					"JUCE_MODULE_AVAILABLE_juce_gui_extra=1",
					"JUCE_GLOBAL_MODULE_SETTINGS_INCLUDED=1",
					"JUCE_VST3_CAN_REPLACE_VST2=0",
					"JUCE_STRICT_REFCOUNTEDPOINTER=1",
					"JucePlugin_Build_VST=0",
					"JucePlugin_Build_VST3=0",
					"JucePlugin_Build_AU=0",
					"JucePlugin_Build_AUv3=0",
					"JucePlugin_Build_AAX=0",
					"JucePlugin_Build_Standalone=1",
					"JucePlugin_Build_Unity=0",
					"JucePlugin_Build_LV2=0",
					"JucePlugin_Enable_IAA=0",
					"JucePlugin_Enable_ARA=0",
					"JucePlugin_Name=\\\"WavetableCVAE\\\"",
					"JucePlugin_Desc=\\\"WavetableCVAE\\\"",
					"JucePlugin_Manufacturer=\\\"Tsugumasa\\ Yutani\\\"",
					"JucePlugin_ManufacturerWebsite=\\\"www.TsugumasaYutani.com\\\"",
					"JucePlugin_ManufacturerEmail=\\\"\\\"",
					"JucePlugin_ManufacturerCode=0x4d616e75",
					"JucePlugin_PluginCode=0x4e657875",
					"JucePlugin_IsSynth=1",
					"JucePlugin_WantsMidiInput=1",
					"JucePlugin_ProducesMidiOutput=1",
					"JucePlugin_IsMidiEffect=0",
					"JucePlugin_EditorRequiresKeyboardFocus=0",
					"JucePlugin_Version=1.0.0",
					"JucePlugin_VersionCode=0x10000",
					"JucePlugin_VersionString=\\\"1.0.0\\\"",
					"JucePlugin_VSTUniqueID=JucePlugin_PluginCode",
					"JucePlugin_VSTCategory=kPlugCategSynth",
					"JucePlugin_Vst3Category=\\\"Instrument|Synth\\\"",
					"JucePlugin_AUMainType=\\'aumu\\'",
					"JucePlugin_AUSubType=JucePlugin_PluginCode",
					"JucePlugin_AUExportPrefix=WavetableCVAEAU",
					"JucePlugin_AUExportPrefixQuoted=\\\"WavetableCVAEAU\\\"",
					"JucePlugin_AUManufacturerCode=JucePlugin_ManufacturerCode",
					"JucePlugin_CFBundleIdentifier=com.TsugumasaYutani.WavetableCVAE",
					"JucePlugin_AAXIdentifier=com.TsugumasaYutani.WavetableCVAE",
					"JucePlugin_AAXManufacturerCode=JucePlugin_ManufacturerCode",
					"JucePlugin_AAXProductId=JucePlugin_PluginCode",
					"JucePlugin_AAXCategory=2048",
					"JucePlugin_AAXDisableBypass=0",
					"JucePlugin_AAXDisableMultiMono=0",
					"JucePlugin_IAAType=0x61757269",
					"JucePlugin_IAASubType=JucePlugin_PluginCode",
					"JucePlugin_IAAName=\\\"Tsugumasa\\ Yutani:\\ WavetableCVAE\\\"",
					"JucePlugin_VSTNumMidiInputs=16",
					"JucePlugin_VSTNumMidiOutputs=16",
					"JucePlugin_ARAContentTypes=0",
					"JucePlugin_ARATransformationFlags=0",
					"JucePlugin_ARAFactoryID=\\\"com.TsugumasaYutani.WavetableCVAE.factory\\\"",
					"JucePlugin_ARADocumentArchiveID=\\\"com.TsugumasaYutani.WavetableCVAE.aradocumentarchive.1.0.0\\\"",
					"JucePlugin_ARACompatibleArchiveIDs=\\\"\\\"",
					"JUCE_STANDALONE_APPLICATION=JucePlugin_Build_Standalone",
					"JUCER_XCODE_MAC_F6D2F4CF=1",
					"JUCE_APP_VERSION=1.0.0",
					"JUCE_APP_VERSION_HEX=0x10000",
				);
				GCC_VERSION = com.apple.compilers.llvm.clang.1_0;
				HEADER_SEARCH_PATHS = (
					"/Users/tsugumasayutani/JUCE/modules/juce_audio_processors/format_types/VST3_SDK",
					"/Users/tsugumasayutani/VST_SDK",
					"$(SRCROOT)/../../JuceLibraryCode",
					"/Users/tsugumasayutani/JUCE/modules",
					"/Users/tsugumasayutani/Documents/onnxruntime/onnxruntime-osx-universal2-1.14.1/include",
					"/Users/tsugumasayutani/JUCE/modules/juce_audio_plugin_client/AU",
					"$(inherited)",
				);
				INFOPLIST_FILE = Info-Standalone_Plugin.plist;
				INFOPLIST_PREPROCESS = NO;
				LD_RUNPATH_SEARCH_PATHS = "@loader_path/../Resources/lib";
				LIBRARY_SEARCH_PATHS = (
					"$(inherited)",
					"\"/Users/tsugumasayutani/Documents/onnxruntime/onnxruntime-osx-universal2-1.14.1/lib\"",
				);
				LLVM_LTO = YES;
				MACOSX_DEPLOYMENT_TARGET = 10.13;
				MTL_HEADER_SEARCH_PATHS = "/Users/tsugumasayutani/JUCE/modules/juce_audio_processors/format_types/VST3_SDK /Users/tsugumasayutani/VST_SDK $(SRCROOT)/../../JuceLibraryCode /Users/tsugumasayutani/JUCE/modules /Users/tsugumasayutani/Documents/onnxruntime/onnxruntime-osx-universal2-1.14.1/include /Users/tsugumasayutani/JUCE/modules/juce_audio_plugin_client/AU";
				OTHER_LDFLAGS = "-lWavetableSynth -lonnxruntime -weak_framework Metal -weak_framework MetalKit";
				PRODUCT_BUNDLE_IDENTIFIER = com.TsugumasaYutani.WavetableCVAE;
				PRODUCT_NAME = "WavetableSynth";
				USE_HEADERMAP = NO;
				VALID_ARCHS = "i386 x86_64 arm64 arm64e";
			};
			name = Release;
		};
		AA8578F86EA2DDD539DAD773 /* Release */ = {
			isa = XCBuildConfiguration;
			buildSettings = {
				CLANG_CXX_LANGUAGE_STANDARD = "c++17";
				CLANG_CXX_LIBRARY = "libc++";
				CLANG_LINK_OBJC_RUNTIME = NO;
				COMBINE_HIDPI_IMAGES = YES;
				CONFIGURATION_BUILD_DIR = "$(PROJECT_DIR)/build/$(CONFIGURATION)";
				DEAD_CODE_STRIPPING = YES;
				EXCLUDED_ARCHS = "";
				GCC_GENERATE_DEBUGGING_SYMBOLS = NO;
				GCC_OPTIMIZATION_LEVEL = 3;
				GCC_PREPROCESSOR_DEFINITIONS = (
					"_NDEBUG=1",
					"NDEBUG=1",
					"JUCE_DISPLAY_SPLASH_SCREEN=1",
					"JUCE_USE_DARK_SPLASH_SCREEN=1",
					"JUCE_PROJUCER_VERSION=0x70005",
					"JUCE_MODULE_AVAILABLE_juce_audio_basics=1",
					"JUCE_MODULE_AVAILABLE_juce_audio_devices=1",
					"JUCE_MODULE_AVAILABLE_juce_audio_formats=1",
					"JUCE_MODULE_AVAILABLE_juce_audio_plugin_client=1",
					"JUCE_MODULE_AVAILABLE_juce_audio_processors=1",
					"JUCE_MODULE_AVAILABLE_juce_audio_utils=1",
					"JUCE_MODULE_AVAILABLE_juce_core=1",
					"JUCE_MODULE_AVAILABLE_juce_data_structures=1",
					"JUCE_MODULE_AVAILABLE_juce_events=1",
					"JUCE_MODULE_AVAILABLE_juce_graphics=1",
					"JUCE_MODULE_AVAILABLE_juce_gui_basics=1",
					"JUCE_MODULE_AVAILABLE_juce_gui_extra=1",
					"JUCE_GLOBAL_MODULE_SETTINGS_INCLUDED=1",
					"JUCE_VST3_CAN_REPLACE_VST2=0",
					"JUCE_STRICT_REFCOUNTEDPOINTER=1",
					"JucePlugin_Build_VST=0",
					"JucePlugin_Build_VST3=1",
					"JucePlugin_Build_AU=1",
					"JucePlugin_Build_AUv3=0",
					"JucePlugin_Build_AAX=0",
					"JucePlugin_Build_Standalone=1",
					"JucePlugin_Build_Unity=0",
					"JucePlugin_Build_LV2=0",
					"JucePlugin_Enable_IAA=0",
					"JucePlugin_Enable_ARA=0",
					"JucePlugin_Name=\\\"WavetableCVAE\\\"",
					"JucePlugin_Desc=\\\"WavetableCVAE\\\"",
					"JucePlugin_Manufacturer=\\\"Tsugumasa\\ Yutani\\\"",
					"JucePlugin_ManufacturerWebsite=\\\"www.TsugumasaYutani.com\\\"",
					"JucePlugin_ManufacturerEmail=\\\"\\\"",
					"JucePlugin_ManufacturerCode=0x4d616e75",
					"JucePlugin_PluginCode=0x4e657875",
					"JucePlugin_IsSynth=1",
					"JucePlugin_WantsMidiInput=1",
					"JucePlugin_ProducesMidiOutput=1",
					"JucePlugin_IsMidiEffect=0",
					"JucePlugin_EditorRequiresKeyboardFocus=0",
					"JucePlugin_Version=1.0.0",
					"JucePlugin_VersionCode=0x10000",
					"JucePlugin_VersionString=\\\"1.0.0\\\"",
					"JucePlugin_VSTUniqueID=JucePlugin_PluginCode",
					"JucePlugin_VSTCategory=kPlugCategSynth",
					"JucePlugin_Vst3Category=\\\"Instrument|Synth\\\"",
					"JucePlugin_AUMainType=\\'aumu\\'",
					"JucePlugin_AUSubType=JucePlugin_PluginCode",
					"JucePlugin_AUExportPrefix=WavetableCVAEAU",
					"JucePlugin_AUExportPrefixQuoted=\\\"WavetableCVAEAU\\\"",
					"JucePlugin_AUManufacturerCode=JucePlugin_ManufacturerCode",
					"JucePlugin_CFBundleIdentifier=com.TsugumasaYutani.WavetableCVAE",
					"JucePlugin_AAXIdentifier=com.TsugumasaYutani.WavetableCVAE",
					"JucePlugin_AAXManufacturerCode=JucePlugin_ManufacturerCode",
					"JucePlugin_AAXProductId=JucePlugin_PluginCode",
					"JucePlugin_AAXCategory=2048",
					"JucePlugin_AAXDisableBypass=0",
					"JucePlugin_AAXDisableMultiMono=0",
					"JucePlugin_IAAType=0x61757269",
					"JucePlugin_IAASubType=JucePlugin_PluginCode",
					"JucePlugin_IAAName=\\\"Tsugumasa\\ Yutani:\\ WavetableCVAE\\\"",
					"JucePlugin_VSTNumMidiInputs=16",
					"JucePlugin_VSTNumMidiOutputs=16",
					"JucePlugin_ARAContentTypes=0",
					"JucePlugin_ARATransformationFlags=0",
					"JucePlugin_ARAFactoryID=\\\"com.TsugumasaYutani.WavetableCVAE.factory\\\"",
					"JucePlugin_ARADocumentArchiveID=\\\"com.TsugumasaYutani.WavetableCVAE.aradocumentarchive.1.0.0\\\"",
					"JucePlugin_ARACompatibleArchiveIDs=\\\"\\\"",
					"JUCE_STANDALONE_APPLICATION=JucePlugin_Build_Standalone",
					"JUCER_XCODE_MAC_F6D2F4CF=1",
					"JUCE_APP_VERSION=1.0.0",
					"JUCE_APP_VERSION_HEX=0x10000",
					"JUCE_SHARED_CODE=1",
				);
				GCC_VERSION = com.apple.compilers.llvm.clang.1_0;
				HEADER_SEARCH_PATHS = (
					"/Users/tsugumasayutani/JUCE/modules/juce_audio_processors/format_types/VST3_SDK",
					"/Users/tsugumasayutani/VST_SDK",
					"$(SRCROOT)/../../JuceLibraryCode",
					"/Users/tsugumasayutani/JUCE/modules",
					"/Users/tsugumasayutani/Documents/onnxruntime/onnxruntime-osx-universal2-1.14.1/include",
					"/Users/tsugumasayutani/JUCE/modules/juce_audio_plugin_client/AU",
					"$(inherited)",
				);
				INSTALL_PATH = "@executable_path/../Frameworks";
				LD_RUNPATH_SEARCH_PATHS = "@loader_path/../Resources/lib";
				LIBRARY_SEARCH_PATHS = (
					"$(inherited)",
					"\"/Users/tsugumasayutani/Documents/onnxruntime/onnxruntime-osx-universal2-1.14.1/lib\"",
				);
				LLVM_LTO = YES;
				MACOSX_DEPLOYMENT_TARGET = 10.13;
				MTL_HEADER_SEARCH_PATHS = "/Users/tsugumasayutani/JUCE/modules/juce_audio_processors/format_types/VST3_SDK /Users/tsugumasayutani/VST_SDK $(SRCROOT)/../../JuceLibraryCode /Users/tsugumasayutani/JUCE/modules /Users/tsugumasayutani/Documents/onnxruntime/onnxruntime-osx-universal2-1.14.1/include /Users/tsugumasayutani/JUCE/modules/juce_audio_plugin_client/AU";
				OTHER_LDFLAGS = "-weak_framework Metal -weak_framework MetalKit";
				PRODUCT_BUNDLE_IDENTIFIER = com.TsugumasaYutani.WavetableCVAE;
				PRODUCT_NAME = "WavetableSynth";
				SKIP_INSTALL = YES;
				USE_HEADERMAP = NO;
				VALID_ARCHS = "i386 x86_64 arm64 arm64e";
			};
			name = Release;
		};
		AAB285085CE649D925314450 /* Release */ = {
			isa = XCBuildConfiguration;
			buildSettings = {
				ALWAYS_SEARCH_USER_PATHS = NO;
				CLANG_ENABLE_OBJC_WEAK = YES;
				CLANG_WARN_BLOCK_CAPTURE_AUTORELEASING = YES;
				CLANG_WARN_BOOL_CONVERSION = YES;
				CLANG_WARN_COMMA = YES;
				CLANG_WARN_CONSTANT_CONVERSION = YES;
				CLANG_WARN_DEPRECATED_OBJC_IMPLEMENTATIONS = YES;
				CLANG_WARN_EMPTY_BODY = YES;
				CLANG_WARN_ENUM_CONVERSION = YES;
				CLANG_WARN_INFINITE_RECURSION = YES;
				CLANG_WARN_INT_CONVERSION = YES;
				CLANG_WARN_NON_LITERAL_NULL_CONVERSION = YES;
				CLANG_WARN_OBJC_IMPLICIT_RETAIN_SELF = YES;
				CLANG_WARN_OBJC_LITERAL_CONVERSION = YES;
				CLANG_WARN_RANGE_LOOP_ANALYSIS = YES;
				CLANG_WARN_STRICT_PROTOTYPES = YES;
				CLANG_WARN_SUSPICIOUS_MOVE = YES;
				CLANG_WARN_UNREACHABLE_CODE = YES;
				CLANG_WARN__DUPLICATE_METHOD_MATCH = YES;
				DEBUG_INFORMATION_FORMAT = dwarf;
				ENABLE_STRICT_OBJC_MSGSEND = YES;
				ENABLE_TESTABILITY = NO;
				GCC_C_LANGUAGE_STANDARD = c11;
				GCC_INLINES_ARE_PRIVATE_EXTERN = YES;
				GCC_MODEL_TUNING = G5;
				GCC_NO_COMMON_BLOCKS = YES;
				GCC_SYMBOLS_PRIVATE_EXTERN = YES;
				GCC_WARN_64_TO_32_BIT_CONVERSION = YES;
				GCC_WARN_ABOUT_RETURN_TYPE = YES;
				GCC_WARN_CHECK_SWITCH_STATEMENTS = YES;
				GCC_WARN_MISSING_PARENTHESES = YES;
				GCC_WARN_NON_VIRTUAL_DESTRUCTOR = YES;
				GCC_WARN_TYPECHECK_CALLS_TO_PRINTF = YES;
				GCC_WARN_UNDECLARED_SELECTOR = YES;
				GCC_WARN_UNINITIALIZED_AUTOS = YES;
				GCC_WARN_UNUSED_FUNCTION = YES;
				GCC_WARN_UNUSED_VARIABLE = YES;
				PRODUCT_NAME = "WavetableSynth";
				SDKROOT = macosx;
				WARNING_CFLAGS = "-Wreorder";
				ZERO_LINK = NO;
			};
			name = Release;
		};
/* End XCBuildConfiguration section */

/* Begin XCConfigurationList section */
		0A93A5B5E9FDB86D7FECBD53 = {
			isa = XCConfigurationList;
			buildConfigurations = (
				73ACD669748E49C42D835437,
				A8DE844D2A9138DF4D0E59C1,
			);
			defaultConfigurationIsVisible = 0;
			defaultConfigurationName = Debug;
		};
		14D089F8EFB16B1AB774B5A6 = {
			isa = XCConfigurationList;
			buildConfigurations = (
				7985BCAD476609B53FF2A33B,
				64FFFF15AA83109C66A4006C,
			);
			defaultConfigurationIsVisible = 0;
			defaultConfigurationName = Debug;
		};
		2E4F3C75FB05A321DBC2732E = {
			isa = XCConfigurationList;
			buildConfigurations = (
				7718F90CF7321A3A1409A472,
				64BD62B6FDDCCA1983EF7F51,
			);
			defaultConfigurationIsVisible = 0;
			defaultConfigurationName = Debug;
		};
		708A0AA7547CDD0D7259C02E = {
			isa = XCConfigurationList;
			buildConfigurations = (
				60A595494B0D515155F4B195,
				981006AC245EFF848FCD1470,
			);
			defaultConfigurationIsVisible = 0;
			defaultConfigurationName = Debug;
		};
		B8FF304D43A5DF3A9D73A42C = {
			isa = XCConfigurationList;
			buildConfigurations = (
				909CE82306E4F62340B9283C,
				AA8578F86EA2DDD539DAD773,
			);
			defaultConfigurationIsVisible = 0;
			defaultConfigurationName = Debug;
		};
		D2ADF49948C3296C5F750503 = {
			isa = XCConfigurationList;
			buildConfigurations = (
				02F8996AAB581E55A9681AD2,
				AAB285085CE649D925314450,
			);
			defaultConfigurationIsVisible = 0;
			defaultConfigurationName = Debug;
		};
/* End XCConfigurationList section */
	};
	rootObject = DF147AC5D2FE980B4742A3D5 /* Project object */;
}
